// !$*UTF8*$!
{
	archiveVersion = 1;
	classes = {
	};
	objectVersion = 50;
	objects = {

/* Begin PBXBuildFile section */
		AA389E9F254D5D89008BF969 /* AppDelegate.swift in Sources */ = {isa = PBXBuildFile; fileRef = AA389E9E254D5D89008BF969 /* AppDelegate.swift */; };
		AA389EA1254D5D89008BF969 /* SceneDelegate.swift in Sources */ = {isa = PBXBuildFile; fileRef = AA389EA0254D5D89008BF969 /* SceneDelegate.swift */; };
		AA389EA3254D5D89008BF969 /* ViewController.swift in Sources */ = {isa = PBXBuildFile; fileRef = AA389EA2254D5D89008BF969 /* ViewController.swift */; };
		AA389EA6254D5D89008BF969 /* Main.storyboard in Resources */ = {isa = PBXBuildFile; fileRef = AA389EA4254D5D89008BF969 /* Main.storyboard */; };
		AA389EA8254D5D89008BF969 /* Assets.xcassets in Resources */ = {isa = PBXBuildFile; fileRef = AA389EA7254D5D89008BF969 /* Assets.xcassets */; };
		AA389EAB254D5D89008BF969 /* LaunchScreen.storyboard in Resources */ = {isa = PBXBuildFile; fileRef = AA389EA9254D5D89008BF969 /* LaunchScreen.storyboard */; };
		AA389EB6254D5D8A008BF969 /* ImagePickerTests.swift in Sources */ = {isa = PBXBuildFile; fileRef = AA389EB5254D5D8A008BF969 /* ImagePickerTests.swift */; };
		AA389EC1254D5D8A008BF969 /* ImagePickerUITests.swift in Sources */ = {isa = PBXBuildFile; fileRef = AA389EC0254D5D8A008BF969 /* ImagePickerUITests.swift */; };
/* End PBXBuildFile section */

/* Begin PBXContainerItemProxy section */
		AA389EB2254D5D8A008BF969 /* PBXContainerItemProxy */ = {
			isa = PBXContainerItemProxy;
			containerPortal = AA389E93254D5D88008BF969 /* Project object */;
			proxyType = 1;
			remoteGlobalIDString = AA389E9A254D5D89008BF969;
			remoteInfo = ImagePicker;
		};
		AA389EBD254D5D8A008BF969 /* PBXContainerItemProxy */ = {
			isa = PBXContainerItemProxy;
			containerPortal = AA389E93254D5D88008BF969 /* Project object */;
			proxyType = 1;
			remoteGlobalIDString = AA389E9A254D5D89008BF969;
			remoteInfo = ImagePicker;
		};
/* End PBXContainerItemProxy section */

/* Begin PBXFileReference section */
		AA389E9B254D5D89008BF969 /* ImagePicker.app */ = {isa = PBXFileReference; explicitFileType = wrapper.application; includeInIndex = 0; path = ImagePicker.app; sourceTree = BUILT_PRODUCTS_DIR; };
		AA389E9E254D5D89008BF969 /* AppDelegate.swift */ = {isa = PBXFileReference; lastKnownFileType = sourcecode.swift; path = AppDelegate.swift; sourceTree = "<group>"; };
		AA389EA0254D5D89008BF969 /* SceneDelegate.swift */ = {isa = PBXFileReference; lastKnownFileType = sourcecode.swift; path = SceneDelegate.swift; sourceTree = "<group>"; };
		AA389EA2254D5D89008BF969 /* ViewController.swift */ = {isa = PBXFileReference; lastKnownFileType = sourcecode.swift; path = ViewController.swift; sourceTree = "<group>"; };
		AA389EA5254D5D89008BF969 /* Base */ = {isa = PBXFileReference; lastKnownFileType = file.storyboard; name = Base; path = Base.lproj/Main.storyboard; sourceTree = "<group>"; };
		AA389EA7254D5D89008BF969 /* Assets.xcassets */ = {isa = PBXFileReference; lastKnownFileType = folder.assetcatalog; path = Assets.xcassets; sourceTree = "<group>"; };
		AA389EAA254D5D89008BF969 /* Base */ = {isa = PBXFileReference; lastKnownFileType = file.storyboard; name = Base; path = Base.lproj/LaunchScreen.storyboard; sourceTree = "<group>"; };
		AA389EAC254D5D89008BF969 /* Info.plist */ = {isa = PBXFileReference; lastKnownFileType = text.plist.xml; path = Info.plist; sourceTree = "<group>"; };
		AA389EB1254D5D8A008BF969 /* ImagePickerTests.xctest */ = {isa = PBXFileReference; explicitFileType = wrapper.cfbundle; includeInIndex = 0; path = ImagePickerTests.xctest; sourceTree = BUILT_PRODUCTS_DIR; };
		AA389EB5254D5D8A008BF969 /* ImagePickerTests.swift */ = {isa = PBXFileReference; lastKnownFileType = sourcecode.swift; path = ImagePickerTests.swift; sourceTree = "<group>"; };
		AA389EB7254D5D8A008BF969 /* Info.plist */ = {isa = PBXFileReference; lastKnownFileType = text.plist.xml; path = Info.plist; sourceTree = "<group>"; };
		AA389EBC254D5D8A008BF969 /* ImagePickerUITests.xctest */ = {isa = PBXFileReference; explicitFileType = wrapper.cfbundle; includeInIndex = 0; path = ImagePickerUITests.xctest; sourceTree = BUILT_PRODUCTS_DIR; };
		AA389EC0254D5D8A008BF969 /* ImagePickerUITests.swift */ = {isa = PBXFileReference; lastKnownFileType = sourcecode.swift; path = ImagePickerUITests.swift; sourceTree = "<group>"; };
		AA389EC2254D5D8A008BF969 /* Info.plist */ = {isa = PBXFileReference; lastKnownFileType = text.plist.xml; path = Info.plist; sourceTree = "<group>"; };
/* End PBXFileReference section */

/* Begin PBXFrameworksBuildPhase section */
		AA389E98254D5D89008BF969 /* Frameworks */ = {
			isa = PBXFrameworksBuildPhase;
			buildActionMask = 2147483647;
			files = (
			);
			runOnlyForDeploymentPostprocessing = 0;
		};
		AA389EAE254D5D89008BF969 /* Frameworks */ = {
			isa = PBXFrameworksBuildPhase;
			buildActionMask = 2147483647;
			files = (
			);
			runOnlyForDeploymentPostprocessing = 0;
		};
		AA389EB9254D5D8A008BF969 /* Frameworks */ = {
			isa = PBXFrameworksBuildPhase;
			buildActionMask = 2147483647;
			files = (
			);
			runOnlyForDeploymentPostprocessing = 0;
		};
/* End PBXFrameworksBuildPhase section */

/* Begin PBXGroup section */
		AA389E92254D5D88008BF969 = {
			isa = PBXGroup;
			children = (
				AA389E9D254D5D89008BF969 /* ImagePicker */,
				AA389EB4254D5D8A008BF969 /* ImagePickerTests */,
				AA389EBF254D5D8A008BF969 /* ImagePickerUITests */,
				AA389E9C254D5D89008BF969 /* Products */,
			);
			sourceTree = "<group>";
		};
		AA389E9C254D5D89008BF969 /* Products */ = {
			isa = PBXGroup;
			children = (
				AA389E9B254D5D89008BF969 /* ImagePicker.app */,
				AA389EB1254D5D8A008BF969 /* ImagePickerTests.xctest */,
				AA389EBC254D5D8A008BF969 /* ImagePickerUITests.xctest */,
			);
			name = Products;
			sourceTree = "<group>";
		};
		AA389E9D254D5D89008BF969 /* ImagePicker */ = {
			isa = PBXGroup;
			children = (
				AA389E9E254D5D89008BF969 /* AppDelegate.swift */,
				AA389EA0254D5D89008BF969 /* SceneDelegate.swift */,
				AA389EA2254D5D89008BF969 /* ViewController.swift */,
				AA389EA4254D5D89008BF969 /* Main.storyboard */,
				AA389EA7254D5D89008BF969 /* Assets.xcassets */,
				AA389EA9254D5D89008BF969 /* LaunchScreen.storyboard */,
				AA389EAC254D5D89008BF969 /* Info.plist */,
			);
			path = ImagePicker;
			sourceTree = "<group>";
		};
		AA389EB4254D5D8A008BF969 /* ImagePickerTests */ = {
			isa = PBXGroup;
			children = (
				AA389EB5254D5D8A008BF969 /* ImagePickerTests.swift */,
				AA389EB7254D5D8A008BF969 /* Info.plist */,
			);
			path = ImagePickerTests;
			sourceTree = "<group>";
		};
		AA389EBF254D5D8A008BF969 /* ImagePickerUITests */ = {
			isa = PBXGroup;
			children = (
				AA389EC0254D5D8A008BF969 /* ImagePickerUITests.swift */,
				AA389EC2254D5D8A008BF969 /* Info.plist */,
			);
			path = ImagePickerUITests;
			sourceTree = "<group>";
		};
/* End PBXGroup section */

/* Begin PBXNativeTarget section */
		AA389E9A254D5D89008BF969 /* ImagePicker */ = {
			isa = PBXNativeTarget;
			buildConfigurationList = AA389EC5254D5D8A008BF969 /* Build configuration list for PBXNativeTarget "ImagePicker" */;
			buildPhases = (
				AA389E97254D5D89008BF969 /* Sources */,
				AA389E98254D5D89008BF969 /* Frameworks */,
				AA389E99254D5D89008BF969 /* Resources */,
			);
			buildRules = (
			);
			dependencies = (
			);
			name = ImagePicker;
			productName = ImagePicker;
			productReference = AA389E9B254D5D89008BF969 /* ImagePicker.app */;
			productType = "com.apple.product-type.application";
		};
		AA389EB0254D5D89008BF969 /* ImagePickerTests */ = {
			isa = PBXNativeTarget;
			buildConfigurationList = AA389EC8254D5D8A008BF969 /* Build configuration list for PBXNativeTarget "ImagePickerTests" */;
			buildPhases = (
				AA389EAD254D5D89008BF969 /* Sources */,
				AA389EAE254D5D89008BF969 /* Frameworks */,
				AA389EAF254D5D89008BF969 /* Resources */,
			);
			buildRules = (
			);
			dependencies = (
				AA389EB3254D5D8A008BF969 /* PBXTargetDependency */,
			);
			name = ImagePickerTests;
			productName = ImagePickerTests;
			productReference = AA389EB1254D5D8A008BF969 /* ImagePickerTests.xctest */;
			productType = "com.apple.product-type.bundle.unit-test";
		};
		AA389EBB254D5D8A008BF969 /* ImagePickerUITests */ = {
			isa = PBXNativeTarget;
			buildConfigurationList = AA389ECB254D5D8A008BF969 /* Build configuration list for PBXNativeTarget "ImagePickerUITests" */;
			buildPhases = (
				AA389EB8254D5D8A008BF969 /* Sources */,
				AA389EB9254D5D8A008BF969 /* Frameworks */,
				AA389EBA254D5D8A008BF969 /* Resources */,
			);
			buildRules = (
			);
			dependencies = (
				AA389EBE254D5D8A008BF969 /* PBXTargetDependency */,
			);
			name = ImagePickerUITests;
			productName = ImagePickerUITests;
			productReference = AA389EBC254D5D8A008BF969 /* ImagePickerUITests.xctest */;
			productType = "com.apple.product-type.bundle.ui-testing";
		};
/* End PBXNativeTarget section */

/* Begin PBXProject section */
		AA389E93254D5D88008BF969 /* Project object */ = {
			isa = PBXProject;
			attributes = {
				LastSwiftUpdateCheck = 1210;
				LastUpgradeCheck = 1210;
				TargetAttributes = {
					AA389E9A254D5D89008BF969 = {
						CreatedOnToolsVersion = 12.1;
					};
					AA389EB0254D5D89008BF969 = {
						CreatedOnToolsVersion = 12.1;
						TestTargetID = AA389E9A254D5D89008BF969;
					};
					AA389EBB254D5D8A008BF969 = {
						CreatedOnToolsVersion = 12.1;
						TestTargetID = AA389E9A254D5D89008BF969;
					};
				};
			};
			buildConfigurationList = AA389E96254D5D88008BF969 /* Build configuration list for PBXProject "ImagePicker" */;
			compatibilityVersion = "Xcode 9.3";
			developmentRegion = en;
			hasScannedForEncodings = 0;
			knownRegions = (
				en,
				Base,
			);
			mainGroup = AA389E92254D5D88008BF969;
			productRefGroup = AA389E9C254D5D89008BF969 /* Products */;
			projectDirPath = "";
			projectRoot = "";
			targets = (
				AA389E9A254D5D89008BF969 /* ImagePicker */,
				AA389EB0254D5D89008BF969 /* ImagePickerTests */,
				AA389EBB254D5D8A008BF969 /* ImagePickerUITests */,
			);
		};
/* End PBXProject section */

/* Begin PBXResourcesBuildPhase section */
		AA389E99254D5D89008BF969 /* Resources */ = {
			isa = PBXResourcesBuildPhase;
			buildActionMask = 2147483647;
			files = (
				AA389EAB254D5D89008BF969 /* LaunchScreen.storyboard in Resources */,
				AA389EA8254D5D89008BF969 /* Assets.xcassets in Resources */,
				AA389EA6254D5D89008BF969 /* Main.storyboard in Resources */,
			);
			runOnlyForDeploymentPostprocessing = 0;
		};
		AA389EAF254D5D89008BF969 /* Resources */ = {
			isa = PBXResourcesBuildPhase;
			buildActionMask = 2147483647;
			files = (
			);
			runOnlyForDeploymentPostprocessing = 0;
		};
		AA389EBA254D5D8A008BF969 /* Resources */ = {
			isa = PBXResourcesBuildPhase;
			buildActionMask = 2147483647;
			files = (
			);
			runOnlyForDeploymentPostprocessing = 0;
		};
/* End PBXResourcesBuildPhase section */

/* Begin PBXSourcesBuildPhase section */
		AA389E97254D5D89008BF969 /* Sources */ = {
			isa = PBXSourcesBuildPhase;
			buildActionMask = 2147483647;
			files = (
				AA389EA3254D5D89008BF969 /* ViewController.swift in Sources */,
				AA389E9F254D5D89008BF969 /* AppDelegate.swift in Sources */,
				AA389EA1254D5D89008BF969 /* SceneDelegate.swift in Sources */,
			);
			runOnlyForDeploymentPostprocessing = 0;
		};
		AA389EAD254D5D89008BF969 /* Sources */ = {
			isa = PBXSourcesBuildPhase;
			buildActionMask = 2147483647;
			files = (
				AA389EB6254D5D8A008BF969 /* ImagePickerTests.swift in Sources */,
			);
			runOnlyForDeploymentPostprocessing = 0;
		};
		AA389EB8254D5D8A008BF969 /* Sources */ = {
			isa = PBXSourcesBuildPhase;
			buildActionMask = 2147483647;
			files = (
				AA389EC1254D5D8A008BF969 /* ImagePickerUITests.swift in Sources */,
			);
			runOnlyForDeploymentPostprocessing = 0;
		};
/* End PBXSourcesBuildPhase section */

/* Begin PBXTargetDependency section */
		AA389EB3254D5D8A008BF969 /* PBXTargetDependency */ = {
			isa = PBXTargetDependency;
			target = AA389E9A254D5D89008BF969 /* ImagePicker */;
			targetProxy = AA389EB2254D5D8A008BF969 /* PBXContainerItemProxy */;
		};
		AA389EBE254D5D8A008BF969 /* PBXTargetDependency */ = {
			isa = PBXTargetDependency;
			target = AA389E9A254D5D89008BF969 /* ImagePicker */;
			targetProxy = AA389EBD254D5D8A008BF969 /* PBXContainerItemProxy */;
		};
/* End PBXTargetDependency section */

/* Begin PBXVariantGroup section */
		AA389EA4254D5D89008BF969 /* Main.storyboard */ = {
			isa = PBXVariantGroup;
			children = (
				AA389EA5254D5D89008BF969 /* Base */,
			);
			name = Main.storyboard;
			sourceTree = "<group>";
		};
		AA389EA9254D5D89008BF969 /* LaunchScreen.storyboard */ = {
			isa = PBXVariantGroup;
			children = (
				AA389EAA254D5D89008BF969 /* Base */,
			);
			name = LaunchScreen.storyboard;
			sourceTree = "<group>";
		};
/* End PBXVariantGroup section */

/* Begin XCBuildConfiguration section */
		AA389EC3254D5D8A008BF969 /* Debug */ = {
			isa = XCBuildConfiguration;
			buildSettings = {
				ALWAYS_SEARCH_USER_PATHS = NO;
				CLANG_ANALYZER_NONNULL = YES;
				CLANG_ANALYZER_NUMBER_OBJECT_CONVERSION = YES_AGGRESSIVE;
				CLANG_CXX_LANGUAGE_STANDARD = "gnu++14";
				CLANG_CXX_LIBRARY = "libc++";
				CLANG_ENABLE_MODULES = YES;
				CLANG_ENABLE_OBJC_ARC = YES;
				CLANG_ENABLE_OBJC_WEAK = YES;
				CLANG_WARN_BLOCK_CAPTURE_AUTORELEASING = YES;
				CLANG_WARN_BOOL_CONVERSION = YES;
				CLANG_WARN_COMMA = YES;
				CLANG_WARN_CONSTANT_CONVERSION = YES;
				CLANG_WARN_DEPRECATED_OBJC_IMPLEMENTATIONS = YES;
				CLANG_WARN_DIRECT_OBJC_ISA_USAGE = YES_ERROR;
				CLANG_WARN_DOCUMENTATION_COMMENTS = YES;
				CLANG_WARN_EMPTY_BODY = YES;
				CLANG_WARN_ENUM_CONVERSION = YES;
				CLANG_WARN_INFINITE_RECURSION = YES;
				CLANG_WARN_INT_CONVERSION = YES;
				CLANG_WARN_NON_LITERAL_NULL_CONVERSION = YES;
				CLANG_WARN_OBJC_IMPLICIT_RETAIN_SELF = YES;
				CLANG_WARN_OBJC_LITERAL_CONVERSION = YES;
				CLANG_WARN_OBJC_ROOT_CLASS = YES_ERROR;
				CLANG_WARN_QUOTED_INCLUDE_IN_FRAMEWORK_HEADER = YES;
				CLANG_WARN_RANGE_LOOP_ANALYSIS = YES;
				CLANG_WARN_STRICT_PROTOTYPES = YES;
				CLANG_WARN_SUSPICIOUS_MOVE = YES;
				CLANG_WARN_UNGUARDED_AVAILABILITY = YES_AGGRESSIVE;
				CLANG_WARN_UNREACHABLE_CODE = YES;
				CLANG_WARN__DUPLICATE_METHOD_MATCH = YES;
				COPY_PHASE_STRIP = NO;
				DEBUG_INFORMATION_FORMAT = dwarf;
				ENABLE_STRICT_OBJC_MSGSEND = YES;
				ENABLE_TESTABILITY = YES;
				GCC_C_LANGUAGE_STANDARD = gnu11;
				GCC_DYNAMIC_NO_PIC = NO;
				GCC_NO_COMMON_BLOCKS = YES;
				GCC_OPTIMIZATION_LEVEL = 0;
				GCC_PREPROCESSOR_DEFINITIONS = (
					"DEBUG=1",
					"$(inherited)",
				);
				GCC_WARN_64_TO_32_BIT_CONVERSION = YES;
				GCC_WARN_ABOUT_RETURN_TYPE = YES_ERROR;
				GCC_WARN_UNDECLARED_SELECTOR = YES;
				GCC_WARN_UNINITIALIZED_AUTOS = YES_AGGRESSIVE;
				GCC_WARN_UNUSED_FUNCTION = YES;
				GCC_WARN_UNUSED_VARIABLE = YES;
				IPHONEOS_DEPLOYMENT_TARGET = 14.1;
				MTL_ENABLE_DEBUG_INFO = INCLUDE_SOURCE;
				MTL_FAST_MATH = YES;
				ONLY_ACTIVE_ARCH = YES;
				SDKROOT = iphoneos;
				SWIFT_ACTIVE_COMPILATION_CONDITIONS = DEBUG;
				SWIFT_OPTIMIZATION_LEVEL = "-Onone";
			};
			name = Debug;
		};
		AA389EC4254D5D8A008BF969 /* Release */ = {
			isa = XCBuildConfiguration;
			buildSettings = {
				ALWAYS_SEARCH_USER_PATHS = NO;
				CLANG_ANALYZER_NONNULL = YES;
				CLANG_ANALYZER_NUMBER_OBJECT_CONVERSION = YES_AGGRESSIVE;
				CLANG_CXX_LANGUAGE_STANDARD = "gnu++14";
				CLANG_CXX_LIBRARY = "libc++";
				CLANG_ENABLE_MODULES = YES;
				CLANG_ENABLE_OBJC_ARC = YES;
				CLANG_ENABLE_OBJC_WEAK = YES;
				CLANG_WARN_BLOCK_CAPTURE_AUTORELEASING = YES;
				CLANG_WARN_BOOL_CONVERSION = YES;
				CLANG_WARN_COMMA = YES;
				CLANG_WARN_CONSTANT_CONVERSION = YES;
				CLANG_WARN_DEPRECATED_OBJC_IMPLEMENTATIONS = YES;
				CLANG_WARN_DIRECT_OBJC_ISA_USAGE = YES_ERROR;
				CLANG_WARN_DOCUMENTATION_COMMENTS = YES;
				CLANG_WARN_EMPTY_BODY = YES;
				CLANG_WARN_ENUM_CONVERSION = YES;
				CLANG_WARN_INFINITE_RECURSION = YES;
				CLANG_WARN_INT_CONVERSION = YES;
				CLANG_WARN_NON_LITERAL_NULL_CONVERSION = YES;
				CLANG_WARN_OBJC_IMPLICIT_RETAIN_SELF = YES;
				CLANG_WARN_OBJC_LITERAL_CONVERSION = YES;
				CLANG_WARN_OBJC_ROOT_CLASS = YES_ERROR;
				CLANG_WARN_QUOTED_INCLUDE_IN_FRAMEWORK_HEADER = YES;
				CLANG_WARN_RANGE_LOOP_ANALYSIS = YES;
				CLANG_WARN_STRICT_PROTOTYPES = YES;
				CLANG_WARN_SUSPICIOUS_MOVE = YES;
				CLANG_WARN_UNGUARDED_AVAILABILITY = YES_AGGRESSIVE;
				CLANG_WARN_UNREACHABLE_CODE = YES;
				CLANG_WARN__DUPLICATE_METHOD_MATCH = YES;
				COPY_PHASE_STRIP = NO;
				DEBUG_INFORMATION_FORMAT = "dwarf-with-dsym";
				ENABLE_NS_ASSERTIONS = NO;
				ENABLE_STRICT_OBJC_MSGSEND = YES;
				GCC_C_LANGUAGE_STANDARD = gnu11;
				GCC_NO_COMMON_BLOCKS = YES;
				GCC_WARN_64_TO_32_BIT_CONVERSION = YES;
				GCC_WARN_ABOUT_RETURN_TYPE = YES_ERROR;
				GCC_WARN_UNDECLARED_SELECTOR = YES;
				GCC_WARN_UNINITIALIZED_AUTOS = YES_AGGRESSIVE;
				GCC_WARN_UNUSED_FUNCTION = YES;
				GCC_WARN_UNUSED_VARIABLE = YES;
				IPHONEOS_DEPLOYMENT_TARGET = 14.1;
				MTL_ENABLE_DEBUG_INFO = NO;
				MTL_FAST_MATH = YES;
				SDKROOT = iphoneos;
				SWIFT_COMPILATION_MODE = wholemodule;
				SWIFT_OPTIMIZATION_LEVEL = "-O";
				VALIDATE_PRODUCT = YES;
			};
			name = Release;
		};
		AA389EC6254D5D8A008BF969 /* Debug */ = {
			isa = XCBuildConfiguration;
			buildSettings = {
				ASSETCATALOG_COMPILER_APPICON_NAME = AppIcon;
				ASSETCATALOG_COMPILER_GLOBAL_ACCENT_COLOR_NAME = AccentColor;
				CODE_SIGN_STYLE = Automatic;
				INFOPLIST_FILE = ImagePicker/Info.plist;
				LD_RUNPATH_SEARCH_PATHS = (
					"$(inherited)",
					"@executable_path/Frameworks",
				);
				PRODUCT_BUNDLE_IDENTIFIER = com.sojin.ImagePicker;
				PRODUCT_NAME = "$(TARGET_NAME)";
				SWIFT_VERSION = 5.0;
				TARGETED_DEVICE_FAMILY = "1,2";
			};
			name = Debug;
		};
		AA389EC7254D5D8A008BF969 /* Release */ = {
			isa = XCBuildConfiguration;
			buildSettings = {
				ASSETCATALOG_COMPILER_APPICON_NAME = AppIcon;
				ASSETCATALOG_COMPILER_GLOBAL_ACCENT_COLOR_NAME = AccentColor;
				CODE_SIGN_STYLE = Automatic;
				INFOPLIST_FILE = ImagePicker/Info.plist;
				LD_RUNPATH_SEARCH_PATHS = (
					"$(inherited)",
					"@executable_path/Frameworks",
				);
				PRODUCT_BUNDLE_IDENTIFIER = com.sojin.ImagePicker;
				PRODUCT_NAME = "$(TARGET_NAME)";
				SWIFT_VERSION = 5.0;
				TARGETED_DEVICE_FAMILY = "1,2";
			};
			name = Release;
		};
		AA389EC9254D5D8A008BF969 /* Debug */ = {
			isa = XCBuildConfiguration;
			buildSettings = {
				ALWAYS_EMBED_SWIFT_STANDARD_LIBRARIES = YES;
				BUNDLE_LOADER = "$(TEST_HOST)";
				CODE_SIGN_STYLE = Automatic;
				INFOPLIST_FILE = ImagePickerTests/Info.plist;
				IPHONEOS_DEPLOYMENT_TARGET = 14.1;
				LD_RUNPATH_SEARCH_PATHS = (
					"$(inherited)",
					"@executable_path/Frameworks",
					"@loader_path/Frameworks",
				);
				PRODUCT_BUNDLE_IDENTIFIER = com.sojin.ImagePickerTests;
				PRODUCT_NAME = "$(TARGET_NAME)";
				SWIFT_VERSION = 5.0;
				TARGETED_DEVICE_FAMILY = "1,2";
				TEST_HOST = "$(BUILT_PRODUCTS_DIR)/ImagePicker.app/ImagePicker";
			};
			name = Debug;
		};
		AA389ECA254D5D8A008BF969 /* Release */ = {
			isa = XCBuildConfiguration;
			buildSettings = {
				ALWAYS_EMBED_SWIFT_STANDARD_LIBRARIES = YES;
				BUNDLE_LOADER = "$(TEST_HOST)";
				CODE_SIGN_STYLE = Automatic;
				INFOPLIST_FILE = ImagePickerTests/Info.plist;
				IPHONEOS_DEPLOYMENT_TARGET = 14.1;
				LD_RUNPATH_SEARCH_PATHS = (
					"$(inherited)",
					"@executable_path/Frameworks",
					"@loader_path/Frameworks",
				);
				PRODUCT_BUNDLE_IDENTIFIER = com.sojin.ImagePickerTests;
				PRODUCT_NAME = "$(TARGET_NAME)";
				SWIFT_VERSION = 5.0;
				TARGETED_DEVICE_FAMILY = "1,2";
				TEST_HOST = "$(BUILT_PRODUCTS_DIR)/ImagePicker.app/ImagePicker";
			};
			name = Release;
		};
		AA389ECC254D5D8A008BF969 /* Debug */ = {
			isa = XCBuildConfiguration;
			buildSettings = {
				ALWAYS_EMBED_SWIFT_STANDARD_LIBRARIES = YES;
				CODE_SIGN_STYLE = Automatic;
				INFOPLIST_FILE = ImagePickerUITests/Info.plist;
				LD_RUNPATH_SEARCH_PATHS = (
					"$(inherited)",
					"@executable_path/Frameworks",
					"@loader_path/Frameworks",
				);
				PRODUCT_BUNDLE_IDENTIFIER = com.sojin.ImagePickerUITests;
				PRODUCT_NAME = "$(TARGET_NAME)";
				SWIFT_VERSION = 5.0;
				TARGETED_DEVICE_FAMILY = "1,2";
				TEST_TARGET_NAME = ImagePicker;
			};
			name = Debug;
		};
		AA389ECD254D5D8A008BF969 /* Release */ = {
			isa = XCBuildConfiguration;
			buildSettings = {
				ALWAYS_EMBED_SWIFT_STANDARD_LIBRARIES = YES;
				CODE_SIGN_STYLE = Automatic;
				INFOPLIST_FILE = ImagePickerUITests/Info.plist;
				LD_RUNPATH_SEARCH_PATHS = (
					"$(inherited)",
					"@executable_path/Frameworks",
					"@loader_path/Frameworks",
				);
				PRODUCT_BUNDLE_IDENTIFIER = com.sojin.ImagePickerUITests;
				PRODUCT_NAME = "$(TARGET_NAME)";
				SWIFT_VERSION = 5.0;
				TARGETED_DEVICE_FAMILY = "1,2";
				TEST_TARGET_NAME = ImagePicker;
			};
			name = Release;
		};
/* End XCBuildConfiguration section */

/* Begin XCConfigurationList section */
		AA389E96254D5D88008BF969 /* Build configuration list for PBXProject "ImagePicker" */ = {
			isa = XCConfigurationList;
			buildConfigurations = (
				AA389EC3254D5D8A008BF969 /* Debug */,
				AA389EC4254D5D8A008BF969 /* Release */,
			);
			defaultConfigurationIsVisible = 0;
			defaultConfigurationName = Release;
		};
		AA389EC5254D5D8A008BF969 /* Build configuration list for PBXNativeTarget "ImagePicker" */ = {
			isa = XCConfigurationList;
			buildConfigurations = (
				AA389EC6254D5D8A008BF969 /* Debug */,
				AA389EC7254D5D8A008BF969 /* Release */,
			);
			defaultConfigurationIsVisible = 0;
			defaultConfigurationName = Release;
		};
		AA389EC8254D5D8A008BF969 /* Build configuration list for PBXNativeTarget "ImagePickerTests" */ = {
			isa = XCConfigurationList;
			buildConfigurations = (
				AA389EC9254D5D8A008BF969 /* Debug */,
				AA389ECA254D5D8A008BF969 /* Release */,
			);
			defaultConfigurationIsVisible = 0;
			defaultConfigurationName = Release;
		};
		AA389ECB254D5D8A008BF969 /* Build configuration list for PBXNativeTarget "ImagePickerUITests" */ = {
			isa = XCConfigurationList;
			buildConfigurations = (
				AA389ECC254D5D8A008BF969 /* Debug */,
				AA389ECD254D5D8A008BF969 /* Release */,
			);
			defaultConfigurationIsVisible = 0;
			defaultConfigurationName = Release;
		};
/* End XCConfigurationList section */
	};
	rootObject = AA389E93254D5D88008BF969 /* Project object */;
}
