// !$*UTF8*$!
{
	archiveVersion = 1;
	classes = {
	};
	objectVersion = 55;
	objects = {

/* Begin PBXBuildFile section */
		AACE5B7E2765C02C00673E90 /* AppDelegate.swift in Sources */ = {isa = PBXBuildFile; fileRef = AACE5B7D2765C02C00673E90 /* AppDelegate.swift */; };
		AACE5B802765C02C00673E90 /* SceneDelegate.swift in Sources */ = {isa = PBXBuildFile; fileRef = AACE5B7F2765C02C00673E90 /* SceneDelegate.swift */; };
		AACE5B822765C02C00673E90 /* ViewController.swift in Sources */ = {isa = PBXBuildFile; fileRef = AACE5B812765C02C00673E90 /* ViewController.swift */; };
		AACE5B852765C02C00673E90 /* Main.storyboard in Resources */ = {isa = PBXBuildFile; fileRef = AACE5B832765C02C00673E90 /* Main.storyboard */; };
		AACE5B882765C02D00673E90 /* ImageTabBar.xcdatamodeld in Sources */ = {isa = PBXBuildFile; fileRef = AACE5B862765C02D00673E90 /* ImageTabBar.xcdatamodeld */; };
		AACE5B8A2765C02E00673E90 /* Assets.xcassets in Resources */ = {isa = PBXBuildFile; fileRef = AACE5B892765C02E00673E90 /* Assets.xcassets */; };
		AACE5B8D2765C02E00673E90 /* LaunchScreen.storyboard in Resources */ = {isa = PBXBuildFile; fileRef = AACE5B8B2765C02E00673E90 /* LaunchScreen.storyboard */; };
		AACE5B972765C10300673E90 /* PageControllerViewController.swift in Sources */ = {isa = PBXBuildFile; fileRef = AACE5B962765C10300673E90 /* PageControllerViewController.swift */; };
		AACE5B992765C1DB00673E90 /* TimerViewController.swift in Sources */ = {isa = PBXBuildFile; fileRef = AACE5B982765C1DB00673E90 /* TimerViewController.swift */; };
		AACE5B9B2765C4A100673E90 /* ButtonViewController.swift in Sources */ = {isa = PBXBuildFile; fileRef = AACE5B9A2765C4A100673E90 /* ButtonViewController.swift */; };
/* End PBXBuildFile section */

/* Begin PBXFileReference section */
		AACE5B7A2765C02C00673E90 /* ImageTabBar.app */ = {isa = PBXFileReference; explicitFileType = wrapper.application; includeInIndex = 0; path = ImageTabBar.app; sourceTree = BUILT_PRODUCTS_DIR; };
		AACE5B7D2765C02C00673E90 /* AppDelegate.swift */ = {isa = PBXFileReference; lastKnownFileType = sourcecode.swift; path = AppDelegate.swift; sourceTree = "<group>"; };
		AACE5B7F2765C02C00673E90 /* SceneDelegate.swift */ = {isa = PBXFileReference; lastKnownFileType = sourcecode.swift; path = SceneDelegate.swift; sourceTree = "<group>"; };
		AACE5B812765C02C00673E90 /* ViewController.swift */ = {isa = PBXFileReference; lastKnownFileType = sourcecode.swift; path = ViewController.swift; sourceTree = "<group>"; };
		AACE5B842765C02C00673E90 /* Base */ = {isa = PBXFileReference; lastKnownFileType = file.storyboard; name = Base; path = Base.lproj/Main.storyboard; sourceTree = "<group>"; };
		AACE5B872765C02D00673E90 /* ImageTabBar.xcdatamodel */ = {isa = PBXFileReference; lastKnownFileType = wrapper.xcdatamodel; path = ImageTabBar.xcdatamodel; sourceTree = "<group>"; };
		AACE5B892765C02E00673E90 /* Assets.xcassets */ = {isa = PBXFileReference; lastKnownFileType = folder.assetcatalog; path = Assets.xcassets; sourceTree = "<group>"; };
		AACE5B8C2765C02E00673E90 /* Base */ = {isa = PBXFileReference; lastKnownFileType = file.storyboard; name = Base; path = Base.lproj/LaunchScreen.storyboard; sourceTree = "<group>"; };
		AACE5B8E2765C02E00673E90 /* Info.plist */ = {isa = PBXFileReference; lastKnownFileType = text.plist.xml; path = Info.plist; sourceTree = "<group>"; };
		AACE5B962765C10300673E90 /* PageControllerViewController.swift */ = {isa = PBXFileReference; fileEncoding = 4; lastKnownFileType = sourcecode.swift; path = PageControllerViewController.swift; sourceTree = "<group>"; };
		AACE5B982765C1DB00673E90 /* TimerViewController.swift */ = {isa = PBXFileReference; fileEncoding = 4; lastKnownFileType = sourcecode.swift; path = TimerViewController.swift; sourceTree = "<group>"; };
		AACE5B9A2765C4A100673E90 /* ButtonViewController.swift */ = {isa = PBXFileReference; fileEncoding = 4; lastKnownFileType = sourcecode.swift; path = ButtonViewController.swift; sourceTree = "<group>"; };
/* End PBXFileReference section */

/* Begin PBXFrameworksBuildPhase section */
		AACE5B772765C02C00673E90 /* Frameworks */ = {
			isa = PBXFrameworksBuildPhase;
			buildActionMask = 2147483647;
			files = (
			);
			runOnlyForDeploymentPostprocessing = 0;
		};
/* End PBXFrameworksBuildPhase section */

/* Begin PBXGroup section */
		AACE5B712765C02C00673E90 = {
			isa = PBXGroup;
			children = (
				AACE5B7C2765C02C00673E90 /* ImageTabBar */,
				AACE5B7B2765C02C00673E90 /* Products */,
			);
			sourceTree = "<group>";
		};
		AACE5B7B2765C02C00673E90 /* Products */ = {
			isa = PBXGroup;
			children = (
				AACE5B7A2765C02C00673E90 /* ImageTabBar.app */,
			);
			name = Products;
			sourceTree = "<group>";
		};
		AACE5B7C2765C02C00673E90 /* ImageTabBar */ = {
			isa = PBXGroup;
			children = (
				AACE5B7D2765C02C00673E90 /* AppDelegate.swift */,
				AACE5B7F2765C02C00673E90 /* SceneDelegate.swift */,
				AACE5B812765C02C00673E90 /* ViewController.swift */,
				AACE5B962765C10300673E90 /* PageControllerViewController.swift */,
				AACE5B982765C1DB00673E90 /* TimerViewController.swift */,
				AACE5B9A2765C4A100673E90 /* ButtonViewController.swift */,
				AACE5B832765C02C00673E90 /* Main.storyboard */,
				AACE5B892765C02E00673E90 /* Assets.xcassets */,
				AACE5B8B2765C02E00673E90 /* LaunchScreen.storyboard */,
				AACE5B8E2765C02E00673E90 /* Info.plist */,
				AACE5B862765C02D00673E90 /* ImageTabBar.xcdatamodeld */,
			);
			path = ImageTabBar;
			sourceTree = "<group>";
		};
/* End PBXGroup section */

/* Begin PBXNativeTarget section */
		AACE5B792765C02C00673E90 /* ImageTabBar */ = {
			isa = PBXNativeTarget;
			buildConfigurationList = AACE5B912765C02E00673E90 /* Build configuration list for PBXNativeTarget "ImageTabBar" */;
			buildPhases = (
				AACE5B762765C02C00673E90 /* Sources */,
				AACE5B772765C02C00673E90 /* Frameworks */,
				AACE5B782765C02C00673E90 /* Resources */,
			);
			buildRules = (
			);
			dependencies = (
			);
			name = ImageTabBar;
			productName = ImageTabBar;
			productReference = AACE5B7A2765C02C00673E90 /* ImageTabBar.app */;
			productType = "com.apple.product-type.application";
		};
/* End PBXNativeTarget section */

/* Begin PBXProject section */
		AACE5B722765C02C00673E90 /* Project object */ = {
			isa = PBXProject;
			attributes = {
				BuildIndependentTargetsInParallel = 1;
				LastSwiftUpdateCheck = 1310;
				LastUpgradeCheck = 1310;
				TargetAttributes = {
					AACE5B792765C02C00673E90 = {
						CreatedOnToolsVersion = 13.1;
					};
				};
			};
			buildConfigurationList = AACE5B752765C02C00673E90 /* Build configuration list for PBXProject "ImageTabBar" */;
			compatibilityVersion = "Xcode 13.0";
			developmentRegion = en;
			hasScannedForEncodings = 0;
			knownRegions = (
				en,
				Base,
			);
			mainGroup = AACE5B712765C02C00673E90;
			productRefGroup = AACE5B7B2765C02C00673E90 /* Products */;
			projectDirPath = "";
			projectRoot = "";
			targets = (
				AACE5B792765C02C00673E90 /* ImageTabBar */,
			);
		};
/* End PBXProject section */

/* Begin PBXResourcesBuildPhase section */
		AACE5B782765C02C00673E90 /* Resources */ = {
			isa = PBXResourcesBuildPhase;
			buildActionMask = 2147483647;
			files = (
				AACE5B8D2765C02E00673E90 /* LaunchScreen.storyboard in Resources */,
				AACE5B8A2765C02E00673E90 /* Assets.xcassets in Resources */,
				AACE5B852765C02C00673E90 /* Main.storyboard in Resources */,
			);
			runOnlyForDeploymentPostprocessing = 0;
		};
/* End PBXResourcesBuildPhase section */

/* Begin PBXSourcesBuildPhase section */
		AACE5B762765C02C00673E90 /* Sources */ = {
			isa = PBXSourcesBuildPhase;
			buildActionMask = 2147483647;
			files = (
				AACE5B822765C02C00673E90 /* ViewController.swift in Sources */,
				AACE5B9B2765C4A100673E90 /* ButtonViewController.swift in Sources */,
				AACE5B7E2765C02C00673E90 /* AppDelegate.swift in Sources */,
				AACE5B972765C10300673E90 /* PageControllerViewController.swift in Sources */,
				AACE5B802765C02C00673E90 /* SceneDelegate.swift in Sources */,
				AACE5B992765C1DB00673E90 /* TimerViewController.swift in Sources */,
				AACE5B882765C02D00673E90 /* ImageTabBar.xcdatamodeld in Sources */,
			);
			runOnlyForDeploymentPostprocessing = 0;
		};
/* End PBXSourcesBuildPhase section */

/* Begin PBXVariantGroup section */
		AACE5B832765C02C00673E90 /* Main.storyboard */ = {
			isa = PBXVariantGroup;
			children = (
				AACE5B842765C02C00673E90 /* Base */,
			);
			name = Main.storyboard;
			sourceTree = "<group>";
		};
		AACE5B8B2765C02E00673E90 /* LaunchScreen.storyboard */ = {
			isa = PBXVariantGroup;
			children = (
				AACE5B8C2765C02E00673E90 /* Base */,
			);
			name = LaunchScreen.storyboard;
			sourceTree = "<group>";
		};
/* End PBXVariantGroup section */

/* Begin XCBuildConfiguration section */
		AACE5B8F2765C02E00673E90 /* Debug */ = {
			isa = XCBuildConfiguration;
			buildSettings = {
				ALWAYS_SEARCH_USER_PATHS = NO;
				CLANG_ANALYZER_NONNULL = YES;
				CLANG_ANALYZER_NUMBER_OBJECT_CONVERSION = YES_AGGRESSIVE;
				CLANG_CXX_LANGUAGE_STANDARD = "gnu++17";
				CLANG_CXX_LIBRARY = "libc++";
				CLANG_ENABLE_MODULES = YES;
				CLANG_ENABLE_OBJC_ARC = YES;
				CLANG_ENABLE_OBJC_WEAK = YES;
				CLANG_WARN_BLOCK_CAPTURE_AUTORELEASING = YES;
				CLANG_WARN_BOOL_CONVERSION = YES;
				CLANG_WARN_COMMA = YES;
				CLANG_WARN_CONSTANT_CONVERSION = YES;
				CLANG_WARN_DEPRECATED_OBJC_IMPLEMENTATIONS = YES;
				CLANG_WARN_DIRECT_OBJC_ISA_USAGE = YES_ERROR;
				CLANG_WARN_DOCUMENTATION_COMMENTS = YES;
				CLANG_WARN_EMPTY_BODY = YES;
				CLANG_WARN_ENUM_CONVERSION = YES;
				CLANG_WARN_INFINITE_RECURSION = YES;
				CLANG_WARN_INT_CONVERSION = YES;
				CLANG_WARN_NON_LITERAL_NULL_CONVERSION = YES;
				CLANG_WARN_OBJC_IMPLICIT_RETAIN_SELF = YES;
				CLANG_WARN_OBJC_LITERAL_CONVERSION = YES;
				CLANG_WARN_OBJC_ROOT_CLASS = YES_ERROR;
				CLANG_WARN_QUOTED_INCLUDE_IN_FRAMEWORK_HEADER = YES;
				CLANG_WARN_RANGE_LOOP_ANALYSIS = YES;
				CLANG_WARN_STRICT_PROTOTYPES = YES;
				CLANG_WARN_SUSPICIOUS_MOVE = YES;
				CLANG_WARN_UNGUARDED_AVAILABILITY = YES_AGGRESSIVE;
				CLANG_WARN_UNREACHABLE_CODE = YES;
				CLANG_WARN__DUPLICATE_METHOD_MATCH = YES;
				COPY_PHASE_STRIP = NO;
				DEBUG_INFORMATION_FORMAT = dwarf;
				ENABLE_STRICT_OBJC_MSGSEND = YES;
				ENABLE_TESTABILITY = YES;
				GCC_C_LANGUAGE_STANDARD = gnu11;
				GCC_DYNAMIC_NO_PIC = NO;
				GCC_NO_COMMON_BLOCKS = YES;
				GCC_OPTIMIZATION_LEVEL = 0;
				GCC_PREPROCESSOR_DEFINITIONS = (
					"DEBUG=1",
					"$(inherited)",
				);
				GCC_WARN_64_TO_32_BIT_CONVERSION = YES;
				GCC_WARN_ABOUT_RETURN_TYPE = YES_ERROR;
				GCC_WARN_UNDECLARED_SELECTOR = YES;
				GCC_WARN_UNINITIALIZED_AUTOS = YES_AGGRESSIVE;
				GCC_WARN_UNUSED_FUNCTION = YES;
				GCC_WARN_UNUSED_VARIABLE = YES;
				IPHONEOS_DEPLOYMENT_TARGET = 15.0;
				MTL_ENABLE_DEBUG_INFO = INCLUDE_SOURCE;
				MTL_FAST_MATH = YES;
				ONLY_ACTIVE_ARCH = YES;
				SDKROOT = iphoneos;
				SWIFT_ACTIVE_COMPILATION_CONDITIONS = DEBUG;
				SWIFT_OPTIMIZATION_LEVEL = "-Onone";
			};
			name = Debug;
		};
		AACE5B902765C02E00673E90 /* Release */ = {
			isa = XCBuildConfiguration;
			buildSettings = {
				ALWAYS_SEARCH_USER_PATHS = NO;
				CLANG_ANALYZER_NONNULL = YES;
				CLANG_ANALYZER_NUMBER_OBJECT_CONVERSION = YES_AGGRESSIVE;
				CLANG_CXX_LANGUAGE_STANDARD = "gnu++17";
				CLANG_CXX_LIBRARY = "libc++";
				CLANG_ENABLE_MODULES = YES;
				CLANG_ENABLE_OBJC_ARC = YES;
				CLANG_ENABLE_OBJC_WEAK = YES;
				CLANG_WARN_BLOCK_CAPTURE_AUTORELEASING = YES;
				CLANG_WARN_BOOL_CONVERSION = YES;
				CLANG_WARN_COMMA = YES;
				CLANG_WARN_CONSTANT_CONVERSION = YES;
				CLANG_WARN_DEPRECATED_OBJC_IMPLEMENTATIONS = YES;
				CLANG_WARN_DIRECT_OBJC_ISA_USAGE = YES_ERROR;
				CLANG_WARN_DOCUMENTATION_COMMENTS = YES;
				CLANG_WARN_EMPTY_BODY = YES;
				CLANG_WARN_ENUM_CONVERSION = YES;
				CLANG_WARN_INFINITE_RECURSION = YES;
				CLANG_WARN_INT_CONVERSION = YES;
				CLANG_WARN_NON_LITERAL_NULL_CONVERSION = YES;
				CLANG_WARN_OBJC_IMPLICIT_RETAIN_SELF = YES;
				CLANG_WARN_OBJC_LITERAL_CONVERSION = YES;
				CLANG_WARN_OBJC_ROOT_CLASS = YES_ERROR;
				CLANG_WARN_QUOTED_INCLUDE_IN_FRAMEWORK_HEADER = YES;
				CLANG_WARN_RANGE_LOOP_ANALYSIS = YES;
				CLANG_WARN_STRICT_PROTOTYPES = YES;
				CLANG_WARN_SUSPICIOUS_MOVE = YES;
				CLANG_WARN_UNGUARDED_AVAILABILITY = YES_AGGRESSIVE;
				CLANG_WARN_UNREACHABLE_CODE = YES;
				CLANG_WARN__DUPLICATE_METHOD_MATCH = YES;
				COPY_PHASE_STRIP = NO;
				DEBUG_INFORMATION_FORMAT = "dwarf-with-dsym";
				ENABLE_NS_ASSERTIONS = NO;
				ENABLE_STRICT_OBJC_MSGSEND = YES;
				GCC_C_LANGUAGE_STANDARD = gnu11;
				GCC_NO_COMMON_BLOCKS = YES;
				GCC_WARN_64_TO_32_BIT_CONVERSION = YES;
				GCC_WARN_ABOUT_RETURN_TYPE = YES_ERROR;
				GCC_WARN_UNDECLARED_SELECTOR = YES;
				GCC_WARN_UNINITIALIZED_AUTOS = YES_AGGRESSIVE;
				GCC_WARN_UNUSED_FUNCTION = YES;
				GCC_WARN_UNUSED_VARIABLE = YES;
				IPHONEOS_DEPLOYMENT_TARGET = 15.0;
				MTL_ENABLE_DEBUG_INFO = NO;
				MTL_FAST_MATH = YES;
				SDKROOT = iphoneos;
				SWIFT_COMPILATION_MODE = wholemodule;
				SWIFT_OPTIMIZATION_LEVEL = "-O";
				VALIDATE_PRODUCT = YES;
			};
			name = Release;
		};
		AACE5B922765C02E00673E90 /* Debug */ = {
			isa = XCBuildConfiguration;
			buildSettings = {
				ASSETCATALOG_COMPILER_APPICON_NAME = AppIcon;
				ASSETCATALOG_COMPILER_GLOBAL_ACCENT_COLOR_NAME = AccentColor;
				CODE_SIGN_STYLE = Automatic;
				CURRENT_PROJECT_VERSION = 1;
				DEVELOPMENT_TEAM = 2QBC82QUS4;
				GENERATE_INFOPLIST_FILE = YES;
				INFOPLIST_FILE = ImageTabBar/Info.plist;
				INFOPLIST_KEY_UIApplicationSupportsIndirectInputEvents = YES;
				INFOPLIST_KEY_UILaunchStoryboardName = LaunchScreen;
				INFOPLIST_KEY_UIMainStoryboardFile = Main;
				INFOPLIST_KEY_UISupportedInterfaceOrientations_iPad = "UIInterfaceOrientationPortrait UIInterfaceOrientationPortraitUpsideDown UIInterfaceOrientationLandscapeLeft UIInterfaceOrientationLandscapeRight";
				INFOPLIST_KEY_UISupportedInterfaceOrientations_iPhone = "UIInterfaceOrientationPortrait UIInterfaceOrientationLandscapeLeft UIInterfaceOrientationLandscapeRight";
				LD_RUNPATH_SEARCH_PATHS = (
					"$(inherited)",
					"@executable_path/Frameworks",
				);
				MARKETING_VERSION = 1.0;
				PRODUCT_BUNDLE_IDENTIFIER = com.belita.ImageTabBar;
				PRODUCT_NAME = "$(TARGET_NAME)";
				SWIFT_EMIT_LOC_STRINGS = YES;
				SWIFT_VERSION = 5.0;
				TARGETED_DEVICE_FAMILY = "1,2";
			};
			name = Debug;
		};
		AACE5B932765C02E00673E90 /* Release */ = {
			isa = XCBuildConfiguration;
			buildSettings = {
				ASSETCATALOG_COMPILER_APPICON_NAME = AppIcon;
				ASSETCATALOG_COMPILER_GLOBAL_ACCENT_COLOR_NAME = AccentColor;
				CODE_SIGN_STYLE = Automatic;
				CURRENT_PROJECT_VERSION = 1;
				DEVELOPMENT_TEAM = 2QBC82QUS4;
				GENERATE_INFOPLIST_FILE = YES;
				INFOPLIST_FILE = ImageTabBar/Info.plist;
				INFOPLIST_KEY_UIApplicationSupportsIndirectInputEvents = YES;
				INFOPLIST_KEY_UILaunchStoryboardName = LaunchScreen;
				INFOPLIST_KEY_UIMainStoryboardFile = Main;
				INFOPLIST_KEY_UISupportedInterfaceOrientations_iPad = "UIInterfaceOrientationPortrait UIInterfaceOrientationPortraitUpsideDown UIInterfaceOrientationLandscapeLeft UIInterfaceOrientationLandscapeRight";
				INFOPLIST_KEY_UISupportedInterfaceOrientations_iPhone = "UIInterfaceOrientationPortrait UIInterfaceOrientationLandscapeLeft UIInterfaceOrientationLandscapeRight";
				LD_RUNPATH_SEARCH_PATHS = (
					"$(inherited)",
					"@executable_path/Frameworks",
				);
				MARKETING_VERSION = 1.0;
				PRODUCT_BUNDLE_IDENTIFIER = com.belita.ImageTabBar;
				PRODUCT_NAME = "$(TARGET_NAME)";
				SWIFT_EMIT_LOC_STRINGS = YES;
				SWIFT_VERSION = 5.0;
				TARGETED_DEVICE_FAMILY = "1,2";
			};
			name = Release;
		};
/* End XCBuildConfiguration section */

/* Begin XCConfigurationList section */
		AACE5B752765C02C00673E90 /* Build configuration list for PBXProject "ImageTabBar" */ = {
			isa = XCConfigurationList;
			buildConfigurations = (
				AACE5B8F2765C02E00673E90 /* Debug */,
				AACE5B902765C02E00673E90 /* Release */,
			);
			defaultConfigurationIsVisible = 0;
			defaultConfigurationName = Release;
		};
		AACE5B912765C02E00673E90 /* Build configuration list for PBXNativeTarget "ImageTabBar" */ = {
			isa = XCConfigurationList;
			buildConfigurations = (
				AACE5B922765C02E00673E90 /* Debug */,
				AACE5B932765C02E00673E90 /* Release */,
			);
			defaultConfigurationIsVisible = 0;
			defaultConfigurationName = Release;
		};
/* End XCConfigurationList section */

/* Begin XCVersionGroup section */
		AACE5B862765C02D00673E90 /* ImageTabBar.xcdatamodeld */ = {
			isa = XCVersionGroup;
			children = (
				AACE5B872765C02D00673E90 /* ImageTabBar.xcdatamodel */,
			);
			currentVersion = AACE5B872765C02D00673E90 /* ImageTabBar.xcdatamodel */;
			path = ImageTabBar.xcdatamodeld;
			sourceTree = "<group>";
			versionGroupType = wrapper.xcdatamodel;
		};
/* End XCVersionGroup section */
	};
	rootObject = AACE5B722765C02C00673E90 /* Project object */;
}
