// !$*UTF8*$!
{
	archiveVersion = 1;
	classes = {
	};
	objectVersion = 55;
	objects = {

/* Begin PBXBuildFile section */
		AACB92A9276635320002630A /* AppDelegate.swift in Sources */ = {isa = PBXBuildFile; fileRef = AACB92A8276635320002630A /* AppDelegate.swift */; };
		AACB92AB276635320002630A /* SceneDelegate.swift in Sources */ = {isa = PBXBuildFile; fileRef = AACB92AA276635320002630A /* SceneDelegate.swift */; };
		AACB92AD276635320002630A /* ViewController.swift in Sources */ = {isa = PBXBuildFile; fileRef = AACB92AC276635320002630A /* ViewController.swift */; };
		AACB92B0276635320002630A /* Main.storyboard in Resources */ = {isa = PBXBuildFile; fileRef = AACB92AE276635320002630A /* Main.storyboard */; };
		AACB92B3276635320002630A /* WebTabBar.xcdatamodeld in Sources */ = {isa = PBXBuildFile; fileRef = AACB92B1276635320002630A /* WebTabBar.xcdatamodeld */; };
		AACB92B5276635330002630A /* Assets.xcassets in Resources */ = {isa = PBXBuildFile; fileRef = AACB92B4276635330002630A /* Assets.xcassets */; };
		AACB92B8276635330002630A /* LaunchScreen.storyboard in Resources */ = {isa = PBXBuildFile; fileRef = AACB92B6276635330002630A /* LaunchScreen.storyboard */; };
		AACB92C22766367A0002630A /* DViewController.swift in Sources */ = {isa = PBXBuildFile; fileRef = AACB92C12766367A0002630A /* DViewController.swift */; };
		AACB92C4276636B60002630A /* GViewController.swift in Sources */ = {isa = PBXBuildFile; fileRef = AACB92C3276636B60002630A /* GViewController.swift */; };
		AACB92C6276637EB0002630A /* SiteRequest.swift in Sources */ = {isa = PBXBuildFile; fileRef = AACB92C5276637EB0002630A /* SiteRequest.swift */; };
		AACB92C827663D380002630A /* NViewController.swift in Sources */ = {isa = PBXBuildFile; fileRef = AACB92C727663D380002630A /* NViewController.swift */; };
/* End PBXBuildFile section */

/* Begin PBXFileReference section */
		AACB92A5276635320002630A /* WebTabBar.app */ = {isa = PBXFileReference; explicitFileType = wrapper.application; includeInIndex = 0; path = WebTabBar.app; sourceTree = BUILT_PRODUCTS_DIR; };
		AACB92A8276635320002630A /* AppDelegate.swift */ = {isa = PBXFileReference; lastKnownFileType = sourcecode.swift; path = AppDelegate.swift; sourceTree = "<group>"; };
		AACB92AA276635320002630A /* SceneDelegate.swift */ = {isa = PBXFileReference; lastKnownFileType = sourcecode.swift; path = SceneDelegate.swift; sourceTree = "<group>"; };
		AACB92AC276635320002630A /* ViewController.swift */ = {isa = PBXFileReference; lastKnownFileType = sourcecode.swift; path = ViewController.swift; sourceTree = "<group>"; };
		AACB92AF276635320002630A /* Base */ = {isa = PBXFileReference; lastKnownFileType = file.storyboard; name = Base; path = Base.lproj/Main.storyboard; sourceTree = "<group>"; };
		AACB92B2276635320002630A /* WebTabBar.xcdatamodel */ = {isa = PBXFileReference; lastKnownFileType = wrapper.xcdatamodel; path = WebTabBar.xcdatamodel; sourceTree = "<group>"; };
		AACB92B4276635330002630A /* Assets.xcassets */ = {isa = PBXFileReference; lastKnownFileType = folder.assetcatalog; path = Assets.xcassets; sourceTree = "<group>"; };
		AACB92B7276635330002630A /* Base */ = {isa = PBXFileReference; lastKnownFileType = file.storyboard; name = Base; path = Base.lproj/LaunchScreen.storyboard; sourceTree = "<group>"; };
		AACB92B9276635330002630A /* Info.plist */ = {isa = PBXFileReference; lastKnownFileType = text.plist.xml; path = Info.plist; sourceTree = "<group>"; };
		AACB92C12766367A0002630A /* DViewController.swift */ = {isa = PBXFileReference; lastKnownFileType = sourcecode.swift; path = DViewController.swift; sourceTree = "<group>"; };
		AACB92C3276636B60002630A /* GViewController.swift */ = {isa = PBXFileReference; lastKnownFileType = sourcecode.swift; path = GViewController.swift; sourceTree = "<group>"; };
		AACB92C5276637EB0002630A /* SiteRequest.swift */ = {isa = PBXFileReference; lastKnownFileType = sourcecode.swift; path = SiteRequest.swift; sourceTree = "<group>"; };
		AACB92C727663D380002630A /* NViewController.swift */ = {isa = PBXFileReference; lastKnownFileType = sourcecode.swift; path = NViewController.swift; sourceTree = "<group>"; };
/* End PBXFileReference section */

/* Begin PBXFrameworksBuildPhase section */
		AACB92A2276635320002630A /* Frameworks */ = {
			isa = PBXFrameworksBuildPhase;
			buildActionMask = 2147483647;
			files = (
			);
			runOnlyForDeploymentPostprocessing = 0;
		};
/* End PBXFrameworksBuildPhase section */

/* Begin PBXGroup section */
		AACB929C276635320002630A = {
			isa = PBXGroup;
			children = (
				AACB92A7276635320002630A /* WebTabBar */,
				AACB92A6276635320002630A /* Products */,
			);
			sourceTree = "<group>";
		};
		AACB92A6276635320002630A /* Products */ = {
			isa = PBXGroup;
			children = (
				AACB92A5276635320002630A /* WebTabBar.app */,
			);
			name = Products;
			sourceTree = "<group>";
		};
		AACB92A7276635320002630A /* WebTabBar */ = {
			isa = PBXGroup;
			children = (
				AACB92C727663D380002630A /* NViewController.swift */,
				AACB92A8276635320002630A /* AppDelegate.swift */,
				AACB92AA276635320002630A /* SceneDelegate.swift */,
				AACB92AC276635320002630A /* ViewController.swift */,
				AACB92AE276635320002630A /* Main.storyboard */,
				AACB92B4276635330002630A /* Assets.xcassets */,
				AACB92B6276635330002630A /* LaunchScreen.storyboard */,
				AACB92B9276635330002630A /* Info.plist */,
				AACB92B1276635320002630A /* WebTabBar.xcdatamodeld */,
				AACB92C12766367A0002630A /* DViewController.swift */,
				AACB92C3276636B60002630A /* GViewController.swift */,
				AACB92C5276637EB0002630A /* SiteRequest.swift */,
			);
			path = WebTabBar;
			sourceTree = "<group>";
		};
/* End PBXGroup section */

/* Begin PBXNativeTarget section */
		AACB92A4276635320002630A /* WebTabBar */ = {
			isa = PBXNativeTarget;
			buildConfigurationList = AACB92BC276635330002630A /* Build configuration list for PBXNativeTarget "WebTabBar" */;
			buildPhases = (
				AACB92A1276635320002630A /* Sources */,
				AACB92A2276635320002630A /* Frameworks */,
				AACB92A3276635320002630A /* Resources */,
			);
			buildRules = (
			);
			dependencies = (
			);
			name = WebTabBar;
			productName = WebTabBar;
			productReference = AACB92A5276635320002630A /* WebTabBar.app */;
			productType = "com.apple.product-type.application";
		};
/* End PBXNativeTarget section */

/* Begin PBXProject section */
		AACB929D276635320002630A /* Project object */ = {
			isa = PBXProject;
			attributes = {
				BuildIndependentTargetsInParallel = 1;
				LastSwiftUpdateCheck = 1310;
				LastUpgradeCheck = 1310;
				TargetAttributes = {
					AACB92A4276635320002630A = {
						CreatedOnToolsVersion = 13.1;
					};
				};
			};
			buildConfigurationList = AACB92A0276635320002630A /* Build configuration list for PBXProject "WebTabBar" */;
			compatibilityVersion = "Xcode 13.0";
			developmentRegion = en;
			hasScannedForEncodings = 0;
			knownRegions = (
				en,
				Base,
			);
			mainGroup = AACB929C276635320002630A;
			productRefGroup = AACB92A6276635320002630A /* Products */;
			projectDirPath = "";
			projectRoot = "";
			targets = (
				AACB92A4276635320002630A /* WebTabBar */,
			);
		};
/* End PBXProject section */

/* Begin PBXResourcesBuildPhase section */
		AACB92A3276635320002630A /* Resources */ = {
			isa = PBXResourcesBuildPhase;
			buildActionMask = 2147483647;
			files = (
				AACB92B8276635330002630A /* LaunchScreen.storyboard in Resources */,
				AACB92B5276635330002630A /* Assets.xcassets in Resources */,
				AACB92B0276635320002630A /* Main.storyboard in Resources */,
			);
			runOnlyForDeploymentPostprocessing = 0;
		};
/* End PBXResourcesBuildPhase section */

/* Begin PBXSourcesBuildPhase section */
		AACB92A1276635320002630A /* Sources */ = {
			isa = PBXSourcesBuildPhase;
			buildActionMask = 2147483647;
			files = (
				AACB92B3276635320002630A /* WebTabBar.xcdatamodeld in Sources */,
				AACB92C6276637EB0002630A /* SiteRequest.swift in Sources */,
				AACB92C22766367A0002630A /* DViewController.swift in Sources */,
				AACB92AD276635320002630A /* ViewController.swift in Sources */,
				AACB92A9276635320002630A /* AppDelegate.swift in Sources */,
				AACB92C827663D380002630A /* NViewController.swift in Sources */,
				AACB92C4276636B60002630A /* GViewController.swift in Sources */,
				AACB92AB276635320002630A /* SceneDelegate.swift in Sources */,
			);
			runOnlyForDeploymentPostprocessing = 0;
		};
/* End PBXSourcesBuildPhase section */

/* Begin PBXVariantGroup section */
		AACB92AE276635320002630A /* Main.storyboard */ = {
			isa = PBXVariantGroup;
			children = (
				AACB92AF276635320002630A /* Base */,
			);
			name = Main.storyboard;
			sourceTree = "<group>";
		};
		AACB92B6276635330002630A /* LaunchScreen.storyboard */ = {
			isa = PBXVariantGroup;
			children = (
				AACB92B7276635330002630A /* Base */,
			);
			name = LaunchScreen.storyboard;
			sourceTree = "<group>";
		};
/* End PBXVariantGroup section */

/* Begin XCBuildConfiguration section */
		AACB92BA276635330002630A /* Debug */ = {
			isa = XCBuildConfiguration;
			buildSettings = {
				ALWAYS_SEARCH_USER_PATHS = NO;
				CLANG_ANALYZER_NONNULL = YES;
				CLANG_ANALYZER_NUMBER_OBJECT_CONVERSION = YES_AGGRESSIVE;
				CLANG_CXX_LANGUAGE_STANDARD = "gnu++17";
				CLANG_CXX_LIBRARY = "libc++";
				CLANG_ENABLE_MODULES = YES;
				CLANG_ENABLE_OBJC_ARC = YES;
				CLANG_ENABLE_OBJC_WEAK = YES;
				CLANG_WARN_BLOCK_CAPTURE_AUTORELEASING = YES;
				CLANG_WARN_BOOL_CONVERSION = YES;
				CLANG_WARN_COMMA = YES;
				CLANG_WARN_CONSTANT_CONVERSION = YES;
				CLANG_WARN_DEPRECATED_OBJC_IMPLEMENTATIONS = YES;
				CLANG_WARN_DIRECT_OBJC_ISA_USAGE = YES_ERROR;
				CLANG_WARN_DOCUMENTATION_COMMENTS = YES;
				CLANG_WARN_EMPTY_BODY = YES;
				CLANG_WARN_ENUM_CONVERSION = YES;
				CLANG_WARN_INFINITE_RECURSION = YES;
				CLANG_WARN_INT_CONVERSION = YES;
				CLANG_WARN_NON_LITERAL_NULL_CONVERSION = YES;
				CLANG_WARN_OBJC_IMPLICIT_RETAIN_SELF = YES;
				CLANG_WARN_OBJC_LITERAL_CONVERSION = YES;
				CLANG_WARN_OBJC_ROOT_CLASS = YES_ERROR;
				CLANG_WARN_QUOTED_INCLUDE_IN_FRAMEWORK_HEADER = YES;
				CLANG_WARN_RANGE_LOOP_ANALYSIS = YES;
				CLANG_WARN_STRICT_PROTOTYPES = YES;
				CLANG_WARN_SUSPICIOUS_MOVE = YES;
				CLANG_WARN_UNGUARDED_AVAILABILITY = YES_AGGRESSIVE;
				CLANG_WARN_UNREACHABLE_CODE = YES;
				CLANG_WARN__DUPLICATE_METHOD_MATCH = YES;
				COPY_PHASE_STRIP = NO;
				DEBUG_INFORMATION_FORMAT = dwarf;
				ENABLE_STRICT_OBJC_MSGSEND = YES;
				ENABLE_TESTABILITY = YES;
				GCC_C_LANGUAGE_STANDARD = gnu11;
				GCC_DYNAMIC_NO_PIC = NO;
				GCC_NO_COMMON_BLOCKS = YES;
				GCC_OPTIMIZATION_LEVEL = 0;
				GCC_PREPROCESSOR_DEFINITIONS = (
					"DEBUG=1",
					"$(inherited)",
				);
				GCC_WARN_64_TO_32_BIT_CONVERSION = YES;
				GCC_WARN_ABOUT_RETURN_TYPE = YES_ERROR;
				GCC_WARN_UNDECLARED_SELECTOR = YES;
				GCC_WARN_UNINITIALIZED_AUTOS = YES_AGGRESSIVE;
				GCC_WARN_UNUSED_FUNCTION = YES;
				GCC_WARN_UNUSED_VARIABLE = YES;
				IPHONEOS_DEPLOYMENT_TARGET = 15.0;
				MTL_ENABLE_DEBUG_INFO = INCLUDE_SOURCE;
				MTL_FAST_MATH = YES;
				ONLY_ACTIVE_ARCH = YES;
				SDKROOT = iphoneos;
				SWIFT_ACTIVE_COMPILATION_CONDITIONS = DEBUG;
				SWIFT_OPTIMIZATION_LEVEL = "-Onone";
			};
			name = Debug;
		};
		AACB92BB276635330002630A /* Release */ = {
			isa = XCBuildConfiguration;
			buildSettings = {
				ALWAYS_SEARCH_USER_PATHS = NO;
				CLANG_ANALYZER_NONNULL = YES;
				CLANG_ANALYZER_NUMBER_OBJECT_CONVERSION = YES_AGGRESSIVE;
				CLANG_CXX_LANGUAGE_STANDARD = "gnu++17";
				CLANG_CXX_LIBRARY = "libc++";
				CLANG_ENABLE_MODULES = YES;
				CLANG_ENABLE_OBJC_ARC = YES;
				CLANG_ENABLE_OBJC_WEAK = YES;
				CLANG_WARN_BLOCK_CAPTURE_AUTORELEASING = YES;
				CLANG_WARN_BOOL_CONVERSION = YES;
				CLANG_WARN_COMMA = YES;
				CLANG_WARN_CONSTANT_CONVERSION = YES;
				CLANG_WARN_DEPRECATED_OBJC_IMPLEMENTATIONS = YES;
				CLANG_WARN_DIRECT_OBJC_ISA_USAGE = YES_ERROR;
				CLANG_WARN_DOCUMENTATION_COMMENTS = YES;
				CLANG_WARN_EMPTY_BODY = YES;
				CLANG_WARN_ENUM_CONVERSION = YES;
				CLANG_WARN_INFINITE_RECURSION = YES;
				CLANG_WARN_INT_CONVERSION = YES;
				CLANG_WARN_NON_LITERAL_NULL_CONVERSION = YES;
				CLANG_WARN_OBJC_IMPLICIT_RETAIN_SELF = YES;
				CLANG_WARN_OBJC_LITERAL_CONVERSION = YES;
				CLANG_WARN_OBJC_ROOT_CLASS = YES_ERROR;
				CLANG_WARN_QUOTED_INCLUDE_IN_FRAMEWORK_HEADER = YES;
				CLANG_WARN_RANGE_LOOP_ANALYSIS = YES;
				CLANG_WARN_STRICT_PROTOTYPES = YES;
				CLANG_WARN_SUSPICIOUS_MOVE = YES;
				CLANG_WARN_UNGUARDED_AVAILABILITY = YES_AGGRESSIVE;
				CLANG_WARN_UNREACHABLE_CODE = YES;
				CLANG_WARN__DUPLICATE_METHOD_MATCH = YES;
				COPY_PHASE_STRIP = NO;
				DEBUG_INFORMATION_FORMAT = "dwarf-with-dsym";
				ENABLE_NS_ASSERTIONS = NO;
				ENABLE_STRICT_OBJC_MSGSEND = YES;
				GCC_C_LANGUAGE_STANDARD = gnu11;
				GCC_NO_COMMON_BLOCKS = YES;
				GCC_WARN_64_TO_32_BIT_CONVERSION = YES;
				GCC_WARN_ABOUT_RETURN_TYPE = YES_ERROR;
				GCC_WARN_UNDECLARED_SELECTOR = YES;
				GCC_WARN_UNINITIALIZED_AUTOS = YES_AGGRESSIVE;
				GCC_WARN_UNUSED_FUNCTION = YES;
				GCC_WARN_UNUSED_VARIABLE = YES;
				IPHONEOS_DEPLOYMENT_TARGET = 15.0;
				MTL_ENABLE_DEBUG_INFO = NO;
				MTL_FAST_MATH = YES;
				SDKROOT = iphoneos;
				SWIFT_COMPILATION_MODE = wholemodule;
				SWIFT_OPTIMIZATION_LEVEL = "-O";
				VALIDATE_PRODUCT = YES;
			};
			name = Release;
		};
		AACB92BD276635330002630A /* Debug */ = {
			isa = XCBuildConfiguration;
			buildSettings = {
				ASSETCATALOG_COMPILER_APPICON_NAME = AppIcon;
				ASSETCATALOG_COMPILER_GLOBAL_ACCENT_COLOR_NAME = AccentColor;
				CODE_SIGN_STYLE = Automatic;
				CURRENT_PROJECT_VERSION = 1;
				DEVELOPMENT_TEAM = 2QBC82QUS4;
				GENERATE_INFOPLIST_FILE = YES;
				INFOPLIST_FILE = WebTabBar/Info.plist;
				INFOPLIST_KEY_UIApplicationSupportsIndirectInputEvents = YES;
				INFOPLIST_KEY_UILaunchStoryboardName = LaunchScreen;
				INFOPLIST_KEY_UIMainStoryboardFile = Main;
				INFOPLIST_KEY_UISupportedInterfaceOrientations_iPad = "UIInterfaceOrientationPortrait UIInterfaceOrientationPortraitUpsideDown UIInterfaceOrientationLandscapeLeft UIInterfaceOrientationLandscapeRight";
				INFOPLIST_KEY_UISupportedInterfaceOrientations_iPhone = "UIInterfaceOrientationPortrait UIInterfaceOrientationLandscapeLeft UIInterfaceOrientationLandscapeRight";
				LD_RUNPATH_SEARCH_PATHS = (
					"$(inherited)",
					"@executable_path/Frameworks",
				);
				MARKETING_VERSION = 1.0;
				PRODUCT_BUNDLE_IDENTIFIER = com.belita.WebTabBar;
				PRODUCT_NAME = "$(TARGET_NAME)";
				SWIFT_EMIT_LOC_STRINGS = YES;
				SWIFT_VERSION = 5.0;
				TARGETED_DEVICE_FAMILY = "1,2";
			};
			name = Debug;
		};
		AACB92BE276635330002630A /* Release */ = {
			isa = XCBuildConfiguration;
			buildSettings = {
				ASSETCATALOG_COMPILER_APPICON_NAME = AppIcon;
				ASSETCATALOG_COMPILER_GLOBAL_ACCENT_COLOR_NAME = AccentColor;
				CODE_SIGN_STYLE = Automatic;
				CURRENT_PROJECT_VERSION = 1;
				DEVELOPMENT_TEAM = 2QBC82QUS4;
				GENERATE_INFOPLIST_FILE = YES;
				INFOPLIST_FILE = WebTabBar/Info.plist;
				INFOPLIST_KEY_UIApplicationSupportsIndirectInputEvents = YES;
				INFOPLIST_KEY_UILaunchStoryboardName = LaunchScreen;
				INFOPLIST_KEY_UIMainStoryboardFile = Main;
				INFOPLIST_KEY_UISupportedInterfaceOrientations_iPad = "UIInterfaceOrientationPortrait UIInterfaceOrientationPortraitUpsideDown UIInterfaceOrientationLandscapeLeft UIInterfaceOrientationLandscapeRight";
				INFOPLIST_KEY_UISupportedInterfaceOrientations_iPhone = "UIInterfaceOrientationPortrait UIInterfaceOrientationLandscapeLeft UIInterfaceOrientationLandscapeRight";
				LD_RUNPATH_SEARCH_PATHS = (
					"$(inherited)",
					"@executable_path/Frameworks",
				);
				MARKETING_VERSION = 1.0;
				PRODUCT_BUNDLE_IDENTIFIER = com.belita.WebTabBar;
				PRODUCT_NAME = "$(TARGET_NAME)";
				SWIFT_EMIT_LOC_STRINGS = YES;
				SWIFT_VERSION = 5.0;
				TARGETED_DEVICE_FAMILY = "1,2";
			};
			name = Release;
		};
/* End XCBuildConfiguration section */

/* Begin XCConfigurationList section */
		AACB92A0276635320002630A /* Build configuration list for PBXProject "WebTabBar" */ = {
			isa = XCConfigurationList;
			buildConfigurations = (
				AACB92BA276635330002630A /* Debug */,
				AACB92BB276635330002630A /* Release */,
			);
			defaultConfigurationIsVisible = 0;
			defaultConfigurationName = Release;
		};
		AACB92BC276635330002630A /* Build configuration list for PBXNativeTarget "WebTabBar" */ = {
			isa = XCConfigurationList;
			buildConfigurations = (
				AACB92BD276635330002630A /* Debug */,
				AACB92BE276635330002630A /* Release */,
			);
			defaultConfigurationIsVisible = 0;
			defaultConfigurationName = Release;
		};
/* End XCConfigurationList section */

/* Begin XCVersionGroup section */
		AACB92B1276635320002630A /* WebTabBar.xcdatamodeld */ = {
			isa = XCVersionGroup;
			children = (
				AACB92B2276635320002630A /* WebTabBar.xcdatamodel */,
			);
			currentVersion = AACB92B2276635320002630A /* WebTabBar.xcdatamodel */;
			path = WebTabBar.xcdatamodeld;
			sourceTree = "<group>";
			versionGroupType = wrapper.xcdatamodel;
		};
/* End XCVersionGroup section */
	};
	rootObject = AACB929D276635320002630A /* Project object */;
}
