// !$*UTF8*$!
{
	archiveVersion = 1;
	classes = {
	};
	objectVersion = 56;
	objects = {

/* Begin PBXBuildFile section */
		AA4133192934FA3100520EA5 /* BookDetail.swift in Sources */ = {isa = PBXBuildFile; fileRef = AA4133182934FA3100520EA5 /* BookDetail.swift */; };
		AA890FE2291EB9F6008A3030 /* BooksViewController.swift in Sources */ = {isa = PBXBuildFile; fileRef = AA890FE1291EB9F6008A3030 /* BooksViewController.swift */; };
		AA890FE3291EB9F6008A3030 /* BooksViewController.swift in Sources */ = {isa = PBXBuildFile; fileRef = AA890FE1291EB9F6008A3030 /* BooksViewController.swift */; };
		AA890FE4291EB9F6008A3030 /* BooksViewController.swift in Sources */ = {isa = PBXBuildFile; fileRef = AA890FE1291EB9F6008A3030 /* BooksViewController.swift */; };
		AA890FE6291ED20B008A3030 /* BooksViewModel.swift in Sources */ = {isa = PBXBuildFile; fileRef = AA890FE5291ED20B008A3030 /* BooksViewModel.swift */; };
		AA890FE7291ED20B008A3030 /* BooksViewModel.swift in Sources */ = {isa = PBXBuildFile; fileRef = AA890FE5291ED20B008A3030 /* BooksViewModel.swift */; };
		AA890FE8291ED20B008A3030 /* BooksViewModel.swift in Sources */ = {isa = PBXBuildFile; fileRef = AA890FE5291ED20B008A3030 /* BooksViewModel.swift */; };
		AA890FEB291EF7C5008A3030 /* RxCocoa in Frameworks */ = {isa = PBXBuildFile; productRef = AA890FEA291EF7C5008A3030 /* RxCocoa */; };
		AA890FED291EF7C5008A3030 /* RxSwift in Frameworks */ = {isa = PBXBuildFile; productRef = AA890FEC291EF7C5008A3030 /* RxSwift */; };
		AA890FEF291FD37D008A3030 /* BookImg.swift in Sources */ = {isa = PBXBuildFile; fileRef = AA890FEE291FD37D008A3030 /* BookImg.swift */; };
		AA890FF0291FD37D008A3030 /* BookImg.swift in Sources */ = {isa = PBXBuildFile; fileRef = AA890FEE291FD37D008A3030 /* BookImg.swift */; };
		AA890FF1291FD37D008A3030 /* BookImg.swift in Sources */ = {isa = PBXBuildFile; fileRef = AA890FEE291FD37D008A3030 /* BookImg.swift */; };
		AA890FF4291FD571008A3030 /* URLImage in Frameworks */ = {isa = PBXBuildFile; productRef = AA890FF3291FD571008A3030 /* URLImage */; };
		AA890FF6291FD5CD008A3030 /* BookRowView.swift in Sources */ = {isa = PBXBuildFile; fileRef = AA890FF5291FD5CD008A3030 /* BookRowView.swift */; };
		AA890FF7291FD5CD008A3030 /* BookRowView.swift in Sources */ = {isa = PBXBuildFile; fileRef = AA890FF5291FD5CD008A3030 /* BookRowView.swift */; };
		AA890FF8291FD5CD008A3030 /* BookRowView.swift in Sources */ = {isa = PBXBuildFile; fileRef = AA890FF5291FD5CD008A3030 /* BookRowView.swift */; };
		AAAEC7CB291D773900B0B0B3 /* BookSearchApp.swift in Sources */ = {isa = PBXBuildFile; fileRef = AAAEC7CA291D773900B0B0B3 /* BookSearchApp.swift */; };
		AAAEC7CD291D773900B0B0B3 /* ContentView.swift in Sources */ = {isa = PBXBuildFile; fileRef = AAAEC7CC291D773900B0B0B3 /* ContentView.swift */; };
		AAAEC7CF291D773A00B0B0B3 /* Assets.xcassets in Resources */ = {isa = PBXBuildFile; fileRef = AAAEC7CE291D773A00B0B0B3 /* Assets.xcassets */; };
		AAAEC7D2291D773A00B0B0B3 /* Preview Assets.xcassets in Resources */ = {isa = PBXBuildFile; fileRef = AAAEC7D1291D773A00B0B0B3 /* Preview Assets.xcassets */; };
		AAAEC7DC291D773A00B0B0B3 /* BookSearchTests.swift in Sources */ = {isa = PBXBuildFile; fileRef = AAAEC7DB291D773A00B0B0B3 /* BookSearchTests.swift */; };
		AAAEC7E6291D773A00B0B0B3 /* BookSearchUITests.swift in Sources */ = {isa = PBXBuildFile; fileRef = AAAEC7E5291D773A00B0B0B3 /* BookSearchUITests.swift */; };
		AAAEC7E8291D773A00B0B0B3 /* BookSearchUITestsLaunchTests.swift in Sources */ = {isa = PBXBuildFile; fileRef = AAAEC7E7291D773A00B0B0B3 /* BookSearchUITestsLaunchTests.swift */; };
		AAAEC7FA291D777900B0B0B3 /* Alamofire in Frameworks */ = {isa = PBXBuildFile; productRef = AAAEC7F9291D777900B0B0B3 /* Alamofire */; };
		AAAEC7FC291D787B00B0B0B3 /* BooksModel.swift in Sources */ = {isa = PBXBuildFile; fileRef = AAAEC7FB291D787B00B0B0B3 /* BooksModel.swift */; };
		AAAEC7FD291D787B00B0B0B3 /* BooksModel.swift in Sources */ = {isa = PBXBuildFile; fileRef = AAAEC7FB291D787B00B0B0B3 /* BooksModel.swift */; };
		AAAEC7FE291D787B00B0B0B3 /* BooksModel.swift in Sources */ = {isa = PBXBuildFile; fileRef = AAAEC7FB291D787B00B0B0B3 /* BooksModel.swift */; };
/* End PBXBuildFile section */

/* Begin PBXContainerItemProxy section */
		AAAEC7D8291D773A00B0B0B3 /* PBXContainerItemProxy */ = {
			isa = PBXContainerItemProxy;
			containerPortal = AAAEC7BF291D773900B0B0B3 /* Project object */;
			proxyType = 1;
			remoteGlobalIDString = AAAEC7C6291D773900B0B0B3;
			remoteInfo = BookSearch;
		};
		AAAEC7E2291D773A00B0B0B3 /* PBXContainerItemProxy */ = {
			isa = PBXContainerItemProxy;
			containerPortal = AAAEC7BF291D773900B0B0B3 /* Project object */;
			proxyType = 1;
			remoteGlobalIDString = AAAEC7C6291D773900B0B0B3;
			remoteInfo = BookSearch;
		};
/* End PBXContainerItemProxy section */

/* Begin PBXFileReference section */
		AA4133182934FA3100520EA5 /* BookDetail.swift */ = {isa = PBXFileReference; lastKnownFileType = sourcecode.swift; path = BookDetail.swift; sourceTree = "<group>"; };
		AA890FE1291EB9F6008A3030 /* BooksViewController.swift */ = {isa = PBXFileReference; lastKnownFileType = sourcecode.swift; path = BooksViewController.swift; sourceTree = "<group>"; };
		AA890FE5291ED20B008A3030 /* BooksViewModel.swift */ = {isa = PBXFileReference; lastKnownFileType = sourcecode.swift; path = BooksViewModel.swift; sourceTree = "<group>"; };
		AA890FEE291FD37D008A3030 /* BookImg.swift */ = {isa = PBXFileReference; lastKnownFileType = sourcecode.swift; path = BookImg.swift; sourceTree = "<group>"; };
		AA890FF5291FD5CD008A3030 /* BookRowView.swift */ = {isa = PBXFileReference; lastKnownFileType = sourcecode.swift; path = BookRowView.swift; sourceTree = "<group>"; };
		AAAEC7C7291D773900B0B0B3 /* BookSearch.app */ = {isa = PBXFileReference; explicitFileType = wrapper.application; includeInIndex = 0; path = BookSearch.app; sourceTree = BUILT_PRODUCTS_DIR; };
		AAAEC7CA291D773900B0B0B3 /* BookSearchApp.swift */ = {isa = PBXFileReference; lastKnownFileType = sourcecode.swift; path = BookSearchApp.swift; sourceTree = "<group>"; };
		AAAEC7CC291D773900B0B0B3 /* ContentView.swift */ = {isa = PBXFileReference; lastKnownFileType = sourcecode.swift; path = ContentView.swift; sourceTree = "<group>"; };
		AAAEC7CE291D773A00B0B0B3 /* Assets.xcassets */ = {isa = PBXFileReference; lastKnownFileType = folder.assetcatalog; path = Assets.xcassets; sourceTree = "<group>"; };
		AAAEC7D1291D773A00B0B0B3 /* Preview Assets.xcassets */ = {isa = PBXFileReference; lastKnownFileType = folder.assetcatalog; path = "Preview Assets.xcassets"; sourceTree = "<group>"; };
		AAAEC7D7291D773A00B0B0B3 /* BookSearchTests.xctest */ = {isa = PBXFileReference; explicitFileType = wrapper.cfbundle; includeInIndex = 0; path = BookSearchTests.xctest; sourceTree = BUILT_PRODUCTS_DIR; };
		AAAEC7DB291D773A00B0B0B3 /* BookSearchTests.swift */ = {isa = PBXFileReference; lastKnownFileType = sourcecode.swift; path = BookSearchTests.swift; sourceTree = "<group>"; };
		AAAEC7E1291D773A00B0B0B3 /* BookSearchUITests.xctest */ = {isa = PBXFileReference; explicitFileType = wrapper.cfbundle; includeInIndex = 0; path = BookSearchUITests.xctest; sourceTree = BUILT_PRODUCTS_DIR; };
		AAAEC7E5291D773A00B0B0B3 /* BookSearchUITests.swift */ = {isa = PBXFileReference; lastKnownFileType = sourcecode.swift; path = BookSearchUITests.swift; sourceTree = "<group>"; };
		AAAEC7E7291D773A00B0B0B3 /* BookSearchUITestsLaunchTests.swift */ = {isa = PBXFileReference; lastKnownFileType = sourcecode.swift; path = BookSearchUITestsLaunchTests.swift; sourceTree = "<group>"; };
		AAAEC7FB291D787B00B0B0B3 /* BooksModel.swift */ = {isa = PBXFileReference; lastKnownFileType = sourcecode.swift; path = BooksModel.swift; sourceTree = "<group>"; };
/* End PBXFileReference section */

/* Begin PBXFrameworksBuildPhase section */
		AAAEC7C4291D773900B0B0B3 /* Frameworks */ = {
			isa = PBXFrameworksBuildPhase;
			buildActionMask = 2147483647;
			files = (
				AA890FED291EF7C5008A3030 /* RxSwift in Frameworks */,
				AA890FEB291EF7C5008A3030 /* RxCocoa in Frameworks */,
				AA890FF4291FD571008A3030 /* URLImage in Frameworks */,
				AAAEC7FA291D777900B0B0B3 /* Alamofire in Frameworks */,
			);
			runOnlyForDeploymentPostprocessing = 0;
		};
		AAAEC7D4291D773A00B0B0B3 /* Frameworks */ = {
			isa = PBXFrameworksBuildPhase;
			buildActionMask = 2147483647;
			files = (
			);
			runOnlyForDeploymentPostprocessing = 0;
		};
		AAAEC7DE291D773A00B0B0B3 /* Frameworks */ = {
			isa = PBXFrameworksBuildPhase;
			buildActionMask = 2147483647;
			files = (
			);
			runOnlyForDeploymentPostprocessing = 0;
		};
/* End PBXFrameworksBuildPhase section */

/* Begin PBXGroup section */
		AA890FF9291FD5D1008A3030 /* Views */ = {
			isa = PBXGroup;
			children = (
				AAAEC7CC291D773900B0B0B3 /* ContentView.swift */,
				AA890FEE291FD37D008A3030 /* BookImg.swift */,
				AA890FF5291FD5CD008A3030 /* BookRowView.swift */,
				AA4133182934FA3100520EA5 /* BookDetail.swift */,
			);
			path = Views;
			sourceTree = "<group>";
		};
		AA890FFA291FD5E0008A3030 /* Model */ = {
			isa = PBXGroup;
			children = (
				AAAEC7FB291D787B00B0B0B3 /* BooksModel.swift */,
			);
			path = Model;
			sourceTree = "<group>";
		};
		AA890FFB291FD5F3008A3030 /* ViewModel */ = {
			isa = PBXGroup;
			children = (
				AA890FE5291ED20B008A3030 /* BooksViewModel.swift */,
			);
			path = ViewModel;
			sourceTree = "<group>";
		};
		AA890FFC291FD607008A3030 /* ViewController */ = {
			isa = PBXGroup;
			children = (
				AA890FE1291EB9F6008A3030 /* BooksViewController.swift */,
			);
			path = ViewController;
			sourceTree = "<group>";
		};
		AAAEC7BE291D773900B0B0B3 = {
			isa = PBXGroup;
			children = (
				AAAEC7C9291D773900B0B0B3 /* BookSearch */,
				AAAEC7DA291D773A00B0B0B3 /* BookSearchTests */,
				AAAEC7E4291D773A00B0B0B3 /* BookSearchUITests */,
				AAAEC7C8291D773900B0B0B3 /* Products */,
			);
			sourceTree = "<group>";
		};
		AAAEC7C8291D773900B0B0B3 /* Products */ = {
			isa = PBXGroup;
			children = (
				AAAEC7C7291D773900B0B0B3 /* BookSearch.app */,
				AAAEC7D7291D773A00B0B0B3 /* BookSearchTests.xctest */,
				AAAEC7E1291D773A00B0B0B3 /* BookSearchUITests.xctest */,
			);
			name = Products;
			sourceTree = "<group>";
		};
		AAAEC7C9291D773900B0B0B3 /* BookSearch */ = {
			isa = PBXGroup;
			children = (
				AA890FFC291FD607008A3030 /* ViewController */,
				AA890FFB291FD5F3008A3030 /* ViewModel */,
				AA890FFA291FD5E0008A3030 /* Model */,
				AA890FF9291FD5D1008A3030 /* Views */,
				AAAEC7CA291D773900B0B0B3 /* BookSearchApp.swift */,
				AAAEC7CE291D773A00B0B0B3 /* Assets.xcassets */,
				AAAEC7D0291D773A00B0B0B3 /* Preview Content */,
			);
			path = BookSearch;
			sourceTree = "<group>";
		};
		AAAEC7D0291D773A00B0B0B3 /* Preview Content */ = {
			isa = PBXGroup;
			children = (
				AAAEC7D1291D773A00B0B0B3 /* Preview Assets.xcassets */,
			);
			path = "Preview Content";
			sourceTree = "<group>";
		};
		AAAEC7DA291D773A00B0B0B3 /* BookSearchTests */ = {
			isa = PBXGroup;
			children = (
				AAAEC7DB291D773A00B0B0B3 /* BookSearchTests.swift */,
			);
			path = BookSearchTests;
			sourceTree = "<group>";
		};
		AAAEC7E4291D773A00B0B0B3 /* BookSearchUITests */ = {
			isa = PBXGroup;
			children = (
				AAAEC7E5291D773A00B0B0B3 /* BookSearchUITests.swift */,
				AAAEC7E7291D773A00B0B0B3 /* BookSearchUITestsLaunchTests.swift */,
			);
			path = BookSearchUITests;
			sourceTree = "<group>";
		};
/* End PBXGroup section */

/* Begin PBXNativeTarget section */
		AAAEC7C6291D773900B0B0B3 /* BookSearch */ = {
			isa = PBXNativeTarget;
			buildConfigurationList = AAAEC7EB291D773A00B0B0B3 /* Build configuration list for PBXNativeTarget "BookSearch" */;
			buildPhases = (
				AAAEC7C3291D773900B0B0B3 /* Sources */,
				AAAEC7C4291D773900B0B0B3 /* Frameworks */,
				AAAEC7C5291D773900B0B0B3 /* Resources */,
			);
			buildRules = (
			);
			dependencies = (
			);
			name = BookSearch;
			packageProductDependencies = (
				AAAEC7F9291D777900B0B0B3 /* Alamofire */,
				AA890FEA291EF7C5008A3030 /* RxCocoa */,
				AA890FEC291EF7C5008A3030 /* RxSwift */,
				AA890FF3291FD571008A3030 /* URLImage */,
			);
			productName = BookSearch;
			productReference = AAAEC7C7291D773900B0B0B3 /* BookSearch.app */;
			productType = "com.apple.product-type.application";
		};
		AAAEC7D6291D773A00B0B0B3 /* BookSearchTests */ = {
			isa = PBXNativeTarget;
			buildConfigurationList = AAAEC7EE291D773A00B0B0B3 /* Build configuration list for PBXNativeTarget "BookSearchTests" */;
			buildPhases = (
				AAAEC7D3291D773A00B0B0B3 /* Sources */,
				AAAEC7D4291D773A00B0B0B3 /* Frameworks */,
				AAAEC7D5291D773A00B0B0B3 /* Resources */,
			);
			buildRules = (
			);
			dependencies = (
				AAAEC7D9291D773A00B0B0B3 /* PBXTargetDependency */,
			);
			name = BookSearchTests;
			productName = BookSearchTests;
			productReference = AAAEC7D7291D773A00B0B0B3 /* BookSearchTests.xctest */;
			productType = "com.apple.product-type.bundle.unit-test";
		};
		AAAEC7E0291D773A00B0B0B3 /* BookSearchUITests */ = {
			isa = PBXNativeTarget;
			buildConfigurationList = AAAEC7F1291D773A00B0B0B3 /* Build configuration list for PBXNativeTarget "BookSearchUITests" */;
			buildPhases = (
				AAAEC7DD291D773A00B0B0B3 /* Sources */,
				AAAEC7DE291D773A00B0B0B3 /* Frameworks */,
				AAAEC7DF291D773A00B0B0B3 /* Resources */,
			);
			buildRules = (
			);
			dependencies = (
				AAAEC7E3291D773A00B0B0B3 /* PBXTargetDependency */,
			);
			name = BookSearchUITests;
			productName = BookSearchUITests;
			productReference = AAAEC7E1291D773A00B0B0B3 /* BookSearchUITests.xctest */;
			productType = "com.apple.product-type.bundle.ui-testing";
		};
/* End PBXNativeTarget section */

/* Begin PBXProject section */
		AAAEC7BF291D773900B0B0B3 /* Project object */ = {
			isa = PBXProject;
			attributes = {
				BuildIndependentTargetsInParallel = 1;
				LastSwiftUpdateCheck = 1410;
				LastUpgradeCheck = 1410;
				TargetAttributes = {
					AAAEC7C6291D773900B0B0B3 = {
						CreatedOnToolsVersion = 14.1;
					};
					AAAEC7D6291D773A00B0B0B3 = {
						CreatedOnToolsVersion = 14.1;
						TestTargetID = AAAEC7C6291D773900B0B0B3;
					};
					AAAEC7E0291D773A00B0B0B3 = {
						CreatedOnToolsVersion = 14.1;
						TestTargetID = AAAEC7C6291D773900B0B0B3;
					};
				};
			};
			buildConfigurationList = AAAEC7C2291D773900B0B0B3 /* Build configuration list for PBXProject "BookSearch" */;
			compatibilityVersion = "Xcode 14.0";
			developmentRegion = en;
			hasScannedForEncodings = 0;
			knownRegions = (
				en,
				Base,
			);
			mainGroup = AAAEC7BE291D773900B0B0B3;
			packageReferences = (
				AAAEC7F8291D777900B0B0B3 /* XCRemoteSwiftPackageReference "Alamofire" */,
				AA890FE9291EF7C5008A3030 /* XCRemoteSwiftPackageReference "RxSwift" */,
				AA890FF2291FD571008A3030 /* XCRemoteSwiftPackageReference "url-image" */,
			);
			productRefGroup = AAAEC7C8291D773900B0B0B3 /* Products */;
			projectDirPath = "";
			projectRoot = "";
			targets = (
				AAAEC7C6291D773900B0B0B3 /* BookSearch */,
				AAAEC7D6291D773A00B0B0B3 /* BookSearchTests */,
				AAAEC7E0291D773A00B0B0B3 /* BookSearchUITests */,
			);
		};
/* End PBXProject section */

/* Begin PBXResourcesBuildPhase section */
		AAAEC7C5291D773900B0B0B3 /* Resources */ = {
			isa = PBXResourcesBuildPhase;
			buildActionMask = 2147483647;
			files = (
				AAAEC7D2291D773A00B0B0B3 /* Preview Assets.xcassets in Resources */,
				AAAEC7CF291D773A00B0B0B3 /* Assets.xcassets in Resources */,
			);
			runOnlyForDeploymentPostprocessing = 0;
		};
		AAAEC7D5291D773A00B0B0B3 /* Resources */ = {
			isa = PBXResourcesBuildPhase;
			buildActionMask = 2147483647;
			files = (
			);
			runOnlyForDeploymentPostprocessing = 0;
		};
		AAAEC7DF291D773A00B0B0B3 /* Resources */ = {
			isa = PBXResourcesBuildPhase;
			buildActionMask = 2147483647;
			files = (
			);
			runOnlyForDeploymentPostprocessing = 0;
		};
/* End PBXResourcesBuildPhase section */

/* Begin PBXSourcesBuildPhase section */
		AAAEC7C3291D773900B0B0B3 /* Sources */ = {
			isa = PBXSourcesBuildPhase;
			buildActionMask = 2147483647;
			files = (
				AA890FE2291EB9F6008A3030 /* BooksViewController.swift in Sources */,
				AA4133192934FA3100520EA5 /* BookDetail.swift in Sources */,
				AA890FE6291ED20B008A3030 /* BooksViewModel.swift in Sources */,
				AAAEC7CD291D773900B0B0B3 /* ContentView.swift in Sources */,
				AAAEC7FC291D787B00B0B0B3 /* BooksModel.swift in Sources */,
				AAAEC7CB291D773900B0B0B3 /* BookSearchApp.swift in Sources */,
				AA890FF6291FD5CD008A3030 /* BookRowView.swift in Sources */,
				AA890FEF291FD37D008A3030 /* BookImg.swift in Sources */,
			);
			runOnlyForDeploymentPostprocessing = 0;
		};
		AAAEC7D3291D773A00B0B0B3 /* Sources */ = {
			isa = PBXSourcesBuildPhase;
			buildActionMask = 2147483647;
			files = (
				AA890FF7291FD5CD008A3030 /* BookRowView.swift in Sources */,
				AAAEC7FD291D787B00B0B0B3 /* BooksModel.swift in Sources */,
				AA890FE3291EB9F6008A3030 /* BooksViewController.swift in Sources */,
				AA890FE7291ED20B008A3030 /* BooksViewModel.swift in Sources */,
				AA890FF0291FD37D008A3030 /* BookImg.swift in Sources */,
				AAAEC7DC291D773A00B0B0B3 /* BookSearchTests.swift in Sources */,
			);
			runOnlyForDeploymentPostprocessing = 0;
		};
		AAAEC7DD291D773A00B0B0B3 /* Sources */ = {
			isa = PBXSourcesBuildPhase;
			buildActionMask = 2147483647;
			files = (
				AA890FE4291EB9F6008A3030 /* BooksViewController.swift in Sources */,
				AA890FE8291ED20B008A3030 /* BooksViewModel.swift in Sources */,
				AAAEC7E6291D773A00B0B0B3 /* BookSearchUITests.swift in Sources */,
				AAAEC7FE291D787B00B0B0B3 /* BooksModel.swift in Sources */,
				AAAEC7E8291D773A00B0B0B3 /* BookSearchUITestsLaunchTests.swift in Sources */,
				AA890FF8291FD5CD008A3030 /* BookRowView.swift in Sources */,
				AA890FF1291FD37D008A3030 /* BookImg.swift in Sources */,
			);
			runOnlyForDeploymentPostprocessing = 0;
		};
/* End PBXSourcesBuildPhase section */

/* Begin PBXTargetDependency section */
		AAAEC7D9291D773A00B0B0B3 /* PBXTargetDependency */ = {
			isa = PBXTargetDependency;
			target = AAAEC7C6291D773900B0B0B3 /* BookSearch */;
			targetProxy = AAAEC7D8291D773A00B0B0B3 /* PBXContainerItemProxy */;
		};
		AAAEC7E3291D773A00B0B0B3 /* PBXTargetDependency */ = {
			isa = PBXTargetDependency;
			target = AAAEC7C6291D773900B0B0B3 /* BookSearch */;
			targetProxy = AAAEC7E2291D773A00B0B0B3 /* PBXContainerItemProxy */;
		};
/* End PBXTargetDependency section */

/* Begin XCBuildConfiguration section */
		AAAEC7E9291D773A00B0B0B3 /* Debug */ = {
			isa = XCBuildConfiguration;
			buildSettings = {
				ALWAYS_SEARCH_USER_PATHS = NO;
				CLANG_ANALYZER_NONNULL = YES;
				CLANG_ANALYZER_NUMBER_OBJECT_CONVERSION = YES_AGGRESSIVE;
				CLANG_CXX_LANGUAGE_STANDARD = "gnu++20";
				CLANG_ENABLE_MODULES = YES;
				CLANG_ENABLE_OBJC_ARC = YES;
				CLANG_ENABLE_OBJC_WEAK = YES;
				CLANG_WARN_BLOCK_CAPTURE_AUTORELEASING = YES;
				CLANG_WARN_BOOL_CONVERSION = YES;
				CLANG_WARN_COMMA = YES;
				CLANG_WARN_CONSTANT_CONVERSION = YES;
				CLANG_WARN_DEPRECATED_OBJC_IMPLEMENTATIONS = YES;
				CLANG_WARN_DIRECT_OBJC_ISA_USAGE = YES_ERROR;
				CLANG_WARN_DOCUMENTATION_COMMENTS = YES;
				CLANG_WARN_EMPTY_BODY = YES;
				CLANG_WARN_ENUM_CONVERSION = YES;
				CLANG_WARN_INFINITE_RECURSION = YES;
				CLANG_WARN_INT_CONVERSION = YES;
				CLANG_WARN_NON_LITERAL_NULL_CONVERSION = YES;
				CLANG_WARN_OBJC_IMPLICIT_RETAIN_SELF = YES;
				CLANG_WARN_OBJC_LITERAL_CONVERSION = YES;
				CLANG_WARN_OBJC_ROOT_CLASS = YES_ERROR;
				CLANG_WARN_QUOTED_INCLUDE_IN_FRAMEWORK_HEADER = YES;
				CLANG_WARN_RANGE_LOOP_ANALYSIS = YES;
				CLANG_WARN_STRICT_PROTOTYPES = YES;
				CLANG_WARN_SUSPICIOUS_MOVE = YES;
				CLANG_WARN_UNGUARDED_AVAILABILITY = YES_AGGRESSIVE;
				CLANG_WARN_UNREACHABLE_CODE = YES;
				CLANG_WARN__DUPLICATE_METHOD_MATCH = YES;
				COPY_PHASE_STRIP = NO;
				DEBUG_INFORMATION_FORMAT = dwarf;
				ENABLE_STRICT_OBJC_MSGSEND = YES;
				ENABLE_TESTABILITY = YES;
				GCC_C_LANGUAGE_STANDARD = gnu11;
				GCC_DYNAMIC_NO_PIC = NO;
				GCC_NO_COMMON_BLOCKS = YES;
				GCC_OPTIMIZATION_LEVEL = 0;
				GCC_PREPROCESSOR_DEFINITIONS = (
					"DEBUG=1",
					"$(inherited)",
				);
				GCC_WARN_64_TO_32_BIT_CONVERSION = YES;
				GCC_WARN_ABOUT_RETURN_TYPE = YES_ERROR;
				GCC_WARN_UNDECLARED_SELECTOR = YES;
				GCC_WARN_UNINITIALIZED_AUTOS = YES_AGGRESSIVE;
				GCC_WARN_UNUSED_FUNCTION = YES;
				GCC_WARN_UNUSED_VARIABLE = YES;
				IPHONEOS_DEPLOYMENT_TARGET = 16.1;
				MTL_ENABLE_DEBUG_INFO = INCLUDE_SOURCE;
				MTL_FAST_MATH = YES;
				ONLY_ACTIVE_ARCH = YES;
				SDKROOT = iphoneos;
				SWIFT_ACTIVE_COMPILATION_CONDITIONS = DEBUG;
				SWIFT_OPTIMIZATION_LEVEL = "-Onone";
			};
			name = Debug;
		};
		AAAEC7EA291D773A00B0B0B3 /* Release */ = {
			isa = XCBuildConfiguration;
			buildSettings = {
				ALWAYS_SEARCH_USER_PATHS = NO;
				CLANG_ANALYZER_NONNULL = YES;
				CLANG_ANALYZER_NUMBER_OBJECT_CONVERSION = YES_AGGRESSIVE;
				CLANG_CXX_LANGUAGE_STANDARD = "gnu++20";
				CLANG_ENABLE_MODULES = YES;
				CLANG_ENABLE_OBJC_ARC = YES;
				CLANG_ENABLE_OBJC_WEAK = YES;
				CLANG_WARN_BLOCK_CAPTURE_AUTORELEASING = YES;
				CLANG_WARN_BOOL_CONVERSION = YES;
				CLANG_WARN_COMMA = YES;
				CLANG_WARN_CONSTANT_CONVERSION = YES;
				CLANG_WARN_DEPRECATED_OBJC_IMPLEMENTATIONS = YES;
				CLANG_WARN_DIRECT_OBJC_ISA_USAGE = YES_ERROR;
				CLANG_WARN_DOCUMENTATION_COMMENTS = YES;
				CLANG_WARN_EMPTY_BODY = YES;
				CLANG_WARN_ENUM_CONVERSION = YES;
				CLANG_WARN_INFINITE_RECURSION = YES;
				CLANG_WARN_INT_CONVERSION = YES;
				CLANG_WARN_NON_LITERAL_NULL_CONVERSION = YES;
				CLANG_WARN_OBJC_IMPLICIT_RETAIN_SELF = YES;
				CLANG_WARN_OBJC_LITERAL_CONVERSION = YES;
				CLANG_WARN_OBJC_ROOT_CLASS = YES_ERROR;
				CLANG_WARN_QUOTED_INCLUDE_IN_FRAMEWORK_HEADER = YES;
				CLANG_WARN_RANGE_LOOP_ANALYSIS = YES;
				CLANG_WARN_STRICT_PROTOTYPES = YES;
				CLANG_WARN_SUSPICIOUS_MOVE = YES;
				CLANG_WARN_UNGUARDED_AVAILABILITY = YES_AGGRESSIVE;
				CLANG_WARN_UNREACHABLE_CODE = YES;
				CLANG_WARN__DUPLICATE_METHOD_MATCH = YES;
				COPY_PHASE_STRIP = NO;
				DEBUG_INFORMATION_FORMAT = "dwarf-with-dsym";
				ENABLE_NS_ASSERTIONS = NO;
				ENABLE_STRICT_OBJC_MSGSEND = YES;
				GCC_C_LANGUAGE_STANDARD = gnu11;
				GCC_NO_COMMON_BLOCKS = YES;
				GCC_WARN_64_TO_32_BIT_CONVERSION = YES;
				GCC_WARN_ABOUT_RETURN_TYPE = YES_ERROR;
				GCC_WARN_UNDECLARED_SELECTOR = YES;
				GCC_WARN_UNINITIALIZED_AUTOS = YES_AGGRESSIVE;
				GCC_WARN_UNUSED_FUNCTION = YES;
				GCC_WARN_UNUSED_VARIABLE = YES;
				IPHONEOS_DEPLOYMENT_TARGET = 16.1;
				MTL_ENABLE_DEBUG_INFO = NO;
				MTL_FAST_MATH = YES;
				SDKROOT = iphoneos;
				SWIFT_COMPILATION_MODE = wholemodule;
				SWIFT_OPTIMIZATION_LEVEL = "-O";
				VALIDATE_PRODUCT = YES;
			};
			name = Release;
		};
		AAAEC7EC291D773A00B0B0B3 /* Debug */ = {
			isa = XCBuildConfiguration;
			buildSettings = {
				ASSETCATALOG_COMPILER_APPICON_NAME = AppIcon;
				ASSETCATALOG_COMPILER_GLOBAL_ACCENT_COLOR_NAME = AccentColor;
				CODE_SIGN_STYLE = Automatic;
				CURRENT_PROJECT_VERSION = 1;
				DEVELOPMENT_ASSET_PATHS = "\"BookSearch/Preview Content\"";
				DEVELOPMENT_TEAM = 24489HL9PA;
				ENABLE_PREVIEWS = YES;
				GENERATE_INFOPLIST_FILE = YES;
				INFOPLIST_KEY_UIApplicationSceneManifest_Generation = YES;
				INFOPLIST_KEY_UIApplicationSupportsIndirectInputEvents = YES;
				INFOPLIST_KEY_UILaunchScreen_Generation = YES;
				INFOPLIST_KEY_UISupportedInterfaceOrientations_iPad = "UIInterfaceOrientationPortrait UIInterfaceOrientationPortraitUpsideDown UIInterfaceOrientationLandscapeLeft UIInterfaceOrientationLandscapeRight";
				INFOPLIST_KEY_UISupportedInterfaceOrientations_iPhone = "UIInterfaceOrientationPortrait UIInterfaceOrientationLandscapeLeft UIInterfaceOrientationLandscapeRight";
				LD_RUNPATH_SEARCH_PATHS = (
					"$(inherited)",
					"@executable_path/Frameworks",
				);
				MARKETING_VERSION = 1.0;
				PRODUCT_BUNDLE_IDENTIFIER = soo.BookSearch;
				PRODUCT_NAME = "$(TARGET_NAME)";
				SWIFT_EMIT_LOC_STRINGS = YES;
				SWIFT_VERSION = 5.0;
				TARGETED_DEVICE_FAMILY = "1,2";
			};
			name = Debug;
		};
		AAAEC7ED291D773A00B0B0B3 /* Release */ = {
			isa = XCBuildConfiguration;
			buildSettings = {
				ASSETCATALOG_COMPILER_APPICON_NAME = AppIcon;
				ASSETCATALOG_COMPILER_GLOBAL_ACCENT_COLOR_NAME = AccentColor;
				CODE_SIGN_STYLE = Automatic;
				CURRENT_PROJECT_VERSION = 1;
				DEVELOPMENT_ASSET_PATHS = "\"BookSearch/Preview Content\"";
				DEVELOPMENT_TEAM = 24489HL9PA;
				ENABLE_PREVIEWS = YES;
				GENERATE_INFOPLIST_FILE = YES;
				INFOPLIST_KEY_UIApplicationSceneManifest_Generation = YES;
				INFOPLIST_KEY_UIApplicationSupportsIndirectInputEvents = YES;
				INFOPLIST_KEY_UILaunchScreen_Generation = YES;
				INFOPLIST_KEY_UISupportedInterfaceOrientations_iPad = "UIInterfaceOrientationPortrait UIInterfaceOrientationPortraitUpsideDown UIInterfaceOrientationLandscapeLeft UIInterfaceOrientationLandscapeRight";
				INFOPLIST_KEY_UISupportedInterfaceOrientations_iPhone = "UIInterfaceOrientationPortrait UIInterfaceOrientationLandscapeLeft UIInterfaceOrientationLandscapeRight";
				LD_RUNPATH_SEARCH_PATHS = (
					"$(inherited)",
					"@executable_path/Frameworks",
				);
				MARKETING_VERSION = 1.0;
				PRODUCT_BUNDLE_IDENTIFIER = soo.BookSearch;
				PRODUCT_NAME = "$(TARGET_NAME)";
				SWIFT_EMIT_LOC_STRINGS = YES;
				SWIFT_VERSION = 5.0;
				TARGETED_DEVICE_FAMILY = "1,2";
			};
			name = Release;
		};
		AAAEC7EF291D773A00B0B0B3 /* Debug */ = {
			isa = XCBuildConfiguration;
			buildSettings = {
				ALWAYS_EMBED_SWIFT_STANDARD_LIBRARIES = YES;
				BUNDLE_LOADER = "$(TEST_HOST)";
				CODE_SIGN_STYLE = Automatic;
				CURRENT_PROJECT_VERSION = 1;
				DEVELOPMENT_TEAM = 24489HL9PA;
				GENERATE_INFOPLIST_FILE = YES;
				IPHONEOS_DEPLOYMENT_TARGET = 16.1;
				MARKETING_VERSION = 1.0;
				PRODUCT_BUNDLE_IDENTIFIER = soo.BookSearchTests;
				PRODUCT_NAME = "$(TARGET_NAME)";
				SWIFT_EMIT_LOC_STRINGS = NO;
				SWIFT_VERSION = 5.0;
				TARGETED_DEVICE_FAMILY = "1,2";
				TEST_HOST = "$(BUILT_PRODUCTS_DIR)/BookSearch.app/$(BUNDLE_EXECUTABLE_FOLDER_PATH)/BookSearch";
			};
			name = Debug;
		};
		AAAEC7F0291D773A00B0B0B3 /* Release */ = {
			isa = XCBuildConfiguration;
			buildSettings = {
				ALWAYS_EMBED_SWIFT_STANDARD_LIBRARIES = YES;
				BUNDLE_LOADER = "$(TEST_HOST)";
				CODE_SIGN_STYLE = Automatic;
				CURRENT_PROJECT_VERSION = 1;
				DEVELOPMENT_TEAM = 24489HL9PA;
				GENERATE_INFOPLIST_FILE = YES;
				IPHONEOS_DEPLOYMENT_TARGET = 16.1;
				MARKETING_VERSION = 1.0;
				PRODUCT_BUNDLE_IDENTIFIER = soo.BookSearchTests;
				PRODUCT_NAME = "$(TARGET_NAME)";
				SWIFT_EMIT_LOC_STRINGS = NO;
				SWIFT_VERSION = 5.0;
				TARGETED_DEVICE_FAMILY = "1,2";
				TEST_HOST = "$(BUILT_PRODUCTS_DIR)/BookSearch.app/$(BUNDLE_EXECUTABLE_FOLDER_PATH)/BookSearch";
			};
			name = Release;
		};
		AAAEC7F2291D773A00B0B0B3 /* Debug */ = {
			isa = XCBuildConfiguration;
			buildSettings = {
				ALWAYS_EMBED_SWIFT_STANDARD_LIBRARIES = YES;
				CODE_SIGN_STYLE = Automatic;
				CURRENT_PROJECT_VERSION = 1;
				DEVELOPMENT_TEAM = 24489HL9PA;
				GENERATE_INFOPLIST_FILE = YES;
				MARKETING_VERSION = 1.0;
				PRODUCT_BUNDLE_IDENTIFIER = soo.BookSearchUITests;
				PRODUCT_NAME = "$(TARGET_NAME)";
				SWIFT_EMIT_LOC_STRINGS = NO;
				SWIFT_VERSION = 5.0;
				TARGETED_DEVICE_FAMILY = "1,2";
				TEST_TARGET_NAME = BookSearch;
			};
			name = Debug;
		};
		AAAEC7F3291D773A00B0B0B3 /* Release */ = {
			isa = XCBuildConfiguration;
			buildSettings = {
				ALWAYS_EMBED_SWIFT_STANDARD_LIBRARIES = YES;
				CODE_SIGN_STYLE = Automatic;
				CURRENT_PROJECT_VERSION = 1;
				DEVELOPMENT_TEAM = 24489HL9PA;
				GENERATE_INFOPLIST_FILE = YES;
				MARKETING_VERSION = 1.0;
				PRODUCT_BUNDLE_IDENTIFIER = soo.BookSearchUITests;
				PRODUCT_NAME = "$(TARGET_NAME)";
				SWIFT_EMIT_LOC_STRINGS = NO;
				SWIFT_VERSION = 5.0;
				TARGETED_DEVICE_FAMILY = "1,2";
				TEST_TARGET_NAME = BookSearch;
			};
			name = Release;
		};
/* End XCBuildConfiguration section */

/* Begin XCConfigurationList section */
		AAAEC7C2291D773900B0B0B3 /* Build configuration list for PBXProject "BookSearch" */ = {
			isa = XCConfigurationList;
			buildConfigurations = (
				AAAEC7E9291D773A00B0B0B3 /* Debug */,
				AAAEC7EA291D773A00B0B0B3 /* Release */,
			);
			defaultConfigurationIsVisible = 0;
			defaultConfigurationName = Release;
		};
		AAAEC7EB291D773A00B0B0B3 /* Build configuration list for PBXNativeTarget "BookSearch" */ = {
			isa = XCConfigurationList;
			buildConfigurations = (
				AAAEC7EC291D773A00B0B0B3 /* Debug */,
				AAAEC7ED291D773A00B0B0B3 /* Release */,
			);
			defaultConfigurationIsVisible = 0;
			defaultConfigurationName = Release;
		};
		AAAEC7EE291D773A00B0B0B3 /* Build configuration list for PBXNativeTarget "BookSearchTests" */ = {
			isa = XCConfigurationList;
			buildConfigurations = (
				AAAEC7EF291D773A00B0B0B3 /* Debug */,
				AAAEC7F0291D773A00B0B0B3 /* Release */,
			);
			defaultConfigurationIsVisible = 0;
			defaultConfigurationName = Release;
		};
		AAAEC7F1291D773A00B0B0B3 /* Build configuration list for PBXNativeTarget "BookSearchUITests" */ = {
			isa = XCConfigurationList;
			buildConfigurations = (
				AAAEC7F2291D773A00B0B0B3 /* Debug */,
				AAAEC7F3291D773A00B0B0B3 /* Release */,
			);
			defaultConfigurationIsVisible = 0;
			defaultConfigurationName = Release;
		};
/* End XCConfigurationList section */

/* Begin XCRemoteSwiftPackageReference section */
		AA890FE9291EF7C5008A3030 /* XCRemoteSwiftPackageReference "RxSwift" */ = {
			isa = XCRemoteSwiftPackageReference;
			repositoryURL = "https://github.com/ReactiveX/RxSwift";
			requirement = {
				branch = main;
				kind = branch;
			};
		};
		AA890FF2291FD571008A3030 /* XCRemoteSwiftPackageReference "url-image" */ = {
			isa = XCRemoteSwiftPackageReference;
			repositoryURL = "https://github.com/dmytro-anokhin/url-image";
			requirement = {
				kind = upToNextMajorVersion;
				minimumVersion = 3.0.0;
			};
		};
		AAAEC7F8291D777900B0B0B3 /* XCRemoteSwiftPackageReference "Alamofire" */ = {
			isa = XCRemoteSwiftPackageReference;
			repositoryURL = "https://github.com/Alamofire/Alamofire";
			requirement = {
				branch = master;
				kind = branch;
			};
		};
/* End XCRemoteSwiftPackageReference section */

/* Begin XCSwiftPackageProductDependency section */
		AA890FEA291EF7C5008A3030 /* RxCocoa */ = {
			isa = XCSwiftPackageProductDependency;
			package = AA890FE9291EF7C5008A3030 /* XCRemoteSwiftPackageReference "RxSwift" */;
			productName = RxCocoa;
		};
		AA890FEC291EF7C5008A3030 /* RxSwift */ = {
			isa = XCSwiftPackageProductDependency;
			package = AA890FE9291EF7C5008A3030 /* XCRemoteSwiftPackageReference "RxSwift" */;
			productName = RxSwift;
		};
		AA890FF3291FD571008A3030 /* URLImage */ = {
			isa = XCSwiftPackageProductDependency;
			package = AA890FF2291FD571008A3030 /* XCRemoteSwiftPackageReference "url-image" */;
			productName = URLImage;
		};
		AAAEC7F9291D777900B0B0B3 /* Alamofire */ = {
			isa = XCSwiftPackageProductDependency;
			package = AAAEC7F8291D777900B0B0B3 /* XCRemoteSwiftPackageReference "Alamofire" */;
			productName = Alamofire;
		};
/* End XCSwiftPackageProductDependency section */
	};
	rootObject = AAAEC7BF291D773900B0B0B3 /* Project object */;
}
